
Microsoft Visual Studio Solution File, Format Version 12.00
# Visual Studio Version 17
VisualStudioVersion = 17.12.35417.141
MinimumVisualStudioVersion = 10.0.40219.1
Project("{FAE04EC0-301F-11D3-BF4B-00C04F79EFBC}") = "AutomationTool", "AutomationTool.csproj", "{BF5225DA-00C3-47F3-AF14-4EC689A2146D}"
EndProject
Project("{2150E333-8FDC-42A3-9474-1A3956D46DE8}") = "Shared", "Shared", "{1328451A-BCFA-426C-95FE-F5AA290D6946}"
	ProjectSection(SolutionItems) = preProject
		..\Shared\UnrealEngine.csproj.props = ..\Shared\UnrealEngine.csproj.props
	EndProjectSection
EndProject
Project("{FAE04EC0-301F-11D3-BF4B-00C04F79EFBC}") = "EpicGames.Build", "..\Shared\EpicGames.Build\EpicGames.Build.csproj", "{A55F898A-92BC-4B75-B9F1-DEB8E69DF2E7}"
EndProject
Project("{FAE04EC0-301F-11D3-BF4B-00C04F79EFBC}") = "EpicGames.Core", "..\Shared\EpicGames.Core\EpicGames.Core.csproj", "{E2F78E19-157F-46E1-A7EC-19B3D5E091B8}"
EndProject
Project("{FAE04EC0-301F-11D3-BF4B-00C04F79EFBC}") = "EpicGames.Horde", "..\Shared\EpicGames.Horde\EpicGames.Horde.csproj", "{3EBC04C4-8BA8-495A-B7D7-22C522321818}"
EndProject
Project("{FAE04EC0-301F-11D3-BF4B-00C04F79EFBC}") = "EpicGames.IoHash", "..\Shared\EpicGames.IoHash\EpicGames.IoHash.csproj", "{1AF31439-17DE-4D57-AADB-84FEA7624CE9}"
EndProject
Project("{FAE04EC0-301F-11D3-BF4B-00C04F79EFBC}") = "EpicGames.MsBuild", "..\Shared\EpicGames.MsBuild\EpicGames.MsBuild.csproj", "{9777E0CC-42BA-4BE8-A778-50C5C603F148}"
EndProject
Project("{FAE04EC0-301F-11D3-BF4B-00C04F79EFBC}") = "EpicGames.OIDC", "..\Shared\EpicGames.OIDC\EpicGames.OIDC.csproj", "{D95F69EA-14B6-486C-BA7A-62E065EC525D}"
EndProject
Project("{FAE04EC0-301F-11D3-BF4B-00C04F79EFBC}") = "EpicGames.Oodle", "..\Shared\EpicGames.Oodle\EpicGames.Oodle.csproj", "{2164DCDB-162B-4A00-AC93-3DB8430C6A54}"
EndProject
Project("{FAE04EC0-301F-11D3-BF4B-00C04F79EFBC}") = "EpicGames.Serialization", "..\Shared\EpicGames.Serialization\EpicGames.Serialization.csproj", "{A661647C-863E-46B1-A160-DF0CBC3F19E4}"
EndProject
Project("{FAE04EC0-301F-11D3-BF4B-00C04F79EFBC}") = "EpicGames.UBA", "..\Shared\EpicGames.UBA\EpicGames.UBA.csproj", "{449A9418-5EB4-4B0D-8759-BDA38A4F72E1}"
EndProject
Project("{FAE04EC0-301F-11D3-BF4B-00C04F79EFBC}") = "EpicGames.UHT", "..\Shared\EpicGames.UHT\EpicGames.UHT.csproj", "{17B21F47-04A6-47EC-AD4F-C334B4BB5736}"
EndProject
Project("{FAE04EC0-301F-11D3-BF4B-00C04F79EFBC}") = "UnrealBuildTool", "..\UnrealBuildTool\UnrealBuildTool.csproj", "{087860D5-C199-4AF6-8419-FC8B872953E4}"
EndProject
Project("{2150E333-8FDC-42A3-9474-1A3956D46DE8}") = "Tests", "Tests", "{4CAA0843-5A62-4CE8-BF6A-E398DBF3355F}"
EndProject
Project("{FAE04EC0-301F-11D3-BF4B-00C04F79EFBC}") = "EpicGames.Core.Tests", "..\Shared\EpicGames.Core.Tests\EpicGames.Core.Tests.csproj", "{F3A41454-5C4E-406C-958C-D5293AA254EC}"
EndProject
Project("{FAE04EC0-301F-11D3-BF4B-00C04F79EFBC}") = "EpicGames.Horde.Tests", "..\Shared\EpicGames.Horde.Tests\EpicGames.Horde.Tests.csproj", "{5DC2B2B9-51F1-4F32-9D6F-541D58A4EB16}"
EndProject
Project("{FAE04EC0-301F-11D3-BF4B-00C04F79EFBC}") = "EpicGames.IoHash.Tests", "..\Shared\EpicGames.IoHash.Tests\EpicGames.IoHash.Tests.csproj", "{F7ACAC8F-B4A2-4371-814D-D83A28EF187B}"
EndProject
Project("{FAE04EC0-301F-11D3-BF4B-00C04F79EFBC}") = "EpicGames.Serialization.Tests", "..\Shared\EpicGames.Serialization.Tests\EpicGames.Serialization.Tests.csproj", "{DBB48BBC-2FAC-4339-AF40-928B50A55131}"
EndProject
Project("{FAE04EC0-301F-11D3-BF4B-00C04F79EFBC}") = "UnrealBuildTool.Tests", "..\Shared\UnrealBuildTool.Tests\UnrealBuildTool.Tests.csproj", "{FF7D9991-EDF0-4678-9370-6B907E0E8EA0}"
EndProject
Project("{FAE04EC0-301F-11D3-BF4B-00C04F79EFBC}") = "AutomationUtils.Automation", "AutomationUtils\AutomationUtils.Automation.csproj", "{EB4F7ACF-1E81-4214-B4C8-DFBC6F234B2F}"
EndProject
Project("{FAE04EC0-301F-11D3-BF4B-00C04F79EFBC}") = "EpicGames.ProjectStore", "..\Shared\EpicGames.ProjectStore\EpicGames.ProjectStore.csproj", "{9BB6DD17-9F32-4C41-B1D8-6D8652B7AE39}"
EndProject
Project("{FAE04EC0-301F-11D3-BF4B-00C04F79EFBC}") = "EpicGames.Perforce", "..\Shared\EpicGames.Perforce\EpicGames.Perforce.csproj", "{D7D120CD-35AC-3B32-02DD-7D21ABB69B0E}"
EndProject
Global
	GlobalSection(SolutionConfigurationPlatforms) = preSolution
		Analyze|Any CPU = Analyze|Any CPU
		Debug|Any CPU = Debug|Any CPU
		Development|Any CPU = Development|Any CPU
		Release|Any CPU = Release|Any CPU
	EndGlobalSection
	GlobalSection(ProjectConfigurationPlatforms) = postSolution
		{BF5225DA-00C3-47F3-AF14-4EC689A2146D}.Analyze|Any CPU.ActiveCfg = Analyze|Any CPU
		{BF5225DA-00C3-47F3-AF14-4EC689A2146D}.Analyze|Any CPU.Build.0 = Analyze|Any CPU
		{BF5225DA-00C3-47F3-AF14-4EC689A2146D}.Debug|Any CPU.ActiveCfg = Debug|Any CPU
		{BF5225DA-00C3-47F3-AF14-4EC689A2146D}.Debug|Any CPU.Build.0 = Debug|Any CPU
		{BF5225DA-00C3-47F3-AF14-4EC689A2146D}.Development|Any CPU.ActiveCfg = Development|Any CPU
		{BF5225DA-00C3-47F3-AF14-4EC689A2146D}.Development|Any CPU.Build.0 = Development|Any CPU
		{BF5225DA-00C3-47F3-AF14-4EC689A2146D}.Release|Any CPU.ActiveCfg = Release|Any CPU
		{BF5225DA-00C3-47F3-AF14-4EC689A2146D}.Release|Any CPU.Build.0 = Release|Any CPU
		{A55F898A-92BC-4B75-B9F1-DEB8E69DF2E7}.Analyze|Any CPU.ActiveCfg = Analyze|Any CPU
		{A55F898A-92BC-4B75-B9F1-DEB8E69DF2E7}.Analyze|Any CPU.Build.0 = Analyze|Any CPU
		{A55F898A-92BC-4B75-B9F1-DEB8E69DF2E7}.Debug|Any CPU.ActiveCfg = Debug|Any CPU
		{A55F898A-92BC-4B75-B9F1-DEB8E69DF2E7}.Debug|Any CPU.Build.0 = Debug|Any CPU
		{A55F898A-92BC-4B75-B9F1-DEB8E69DF2E7}.Development|Any CPU.ActiveCfg = Development|Any CPU
		{A55F898A-92BC-4B75-B9F1-DEB8E69DF2E7}.Development|Any CPU.Build.0 = Development|Any CPU
		{A55F898A-92BC-4B75-B9F1-DEB8E69DF2E7}.Release|Any CPU.ActiveCfg = Release|Any CPU
		{A55F898A-92BC-4B75-B9F1-DEB8E69DF2E7}.Release|Any CPU.Build.0 = Release|Any CPU
		{E2F78E19-157F-46E1-A7EC-19B3D5E091B8}.Analyze|Any CPU.ActiveCfg = Analyze|Any CPU
		{E2F78E19-157F-46E1-A7EC-19B3D5E091B8}.Analyze|Any CPU.Build.0 = Analyze|Any CPU
		{E2F78E19-157F-46E1-A7EC-19B3D5E091B8}.Debug|Any CPU.ActiveCfg = Debug|Any CPU
		{E2F78E19-157F-46E1-A7EC-19B3D5E091B8}.Debug|Any CPU.Build.0 = Debug|Any CPU
		{E2F78E19-157F-46E1-A7EC-19B3D5E091B8}.Development|Any CPU.ActiveCfg = Development|Any CPU
		{E2F78E19-157F-46E1-A7EC-19B3D5E091B8}.Development|Any CPU.Build.0 = Development|Any CPU
		{E2F78E19-157F-46E1-A7EC-19B3D5E091B8}.Release|Any CPU.ActiveCfg = Release|Any CPU
		{E2F78E19-157F-46E1-A7EC-19B3D5E091B8}.Release|Any CPU.Build.0 = Release|Any CPU
		{3EBC04C4-8BA8-495A-B7D7-22C522321818}.Analyze|Any CPU.ActiveCfg = Analyze|Any CPU
		{3EBC04C4-8BA8-495A-B7D7-22C522321818}.Analyze|Any CPU.Build.0 = Analyze|Any CPU
		{3EBC04C4-8BA8-495A-B7D7-22C522321818}.Debug|Any CPU.ActiveCfg = Debug|Any CPU
		{3EBC04C4-8BA8-495A-B7D7-22C522321818}.Debug|Any CPU.Build.0 = Debug|Any CPU
		{3EBC04C4-8BA8-495A-B7D7-22C522321818}.Development|Any CPU.ActiveCfg = Development|Any CPU
		{3EBC04C4-8BA8-495A-B7D7-22C522321818}.Development|Any CPU.Build.0 = Development|Any CPU
		{3EBC04C4-8BA8-495A-B7D7-22C522321818}.Release|Any CPU.ActiveCfg = Release|Any CPU
		{3EBC04C4-8BA8-495A-B7D7-22C522321818}.Release|Any CPU.Build.0 = Release|Any CPU
		{1AF31439-17DE-4D57-AADB-84FEA7624CE9}.Analyze|Any CPU.ActiveCfg = Analyze|Any CPU
		{1AF31439-17DE-4D57-AADB-84FEA7624CE9}.Analyze|Any CPU.Build.0 = Analyze|Any CPU
		{1AF31439-17DE-4D57-AADB-84FEA7624CE9}.Debug|Any CPU.ActiveCfg = Debug|Any CPU
		{1AF31439-17DE-4D57-AADB-84FEA7624CE9}.Debug|Any CPU.Build.0 = Debug|Any CPU
		{1AF31439-17DE-4D57-AADB-84FEA7624CE9}.Development|Any CPU.ActiveCfg = Development|Any CPU
		{1AF31439-17DE-4D57-AADB-84FEA7624CE9}.Development|Any CPU.Build.0 = Development|Any CPU
		{1AF31439-17DE-4D57-AADB-84FEA7624CE9}.Release|Any CPU.ActiveCfg = Release|Any CPU
		{1AF31439-17DE-4D57-AADB-84FEA7624CE9}.Release|Any CPU.Build.0 = Release|Any CPU
		{9777E0CC-42BA-4BE8-A778-50C5C603F148}.Analyze|Any CPU.ActiveCfg = Analyze|Any CPU
		{9777E0CC-42BA-4BE8-A778-50C5C603F148}.Analyze|Any CPU.Build.0 = Analyze|Any CPU
		{9777E0CC-42BA-4BE8-A778-50C5C603F148}.Debug|Any CPU.ActiveCfg = Debug|Any CPU
		{9777E0CC-42BA-4BE8-A778-50C5C603F148}.Debug|Any CPU.Build.0 = Debug|Any CPU
		{9777E0CC-42BA-4BE8-A778-50C5C603F148}.Development|Any CPU.ActiveCfg = Development|Any CPU
		{9777E0CC-42BA-4BE8-A778-50C5C603F148}.Development|Any CPU.Build.0 = Development|Any CPU
		{9777E0CC-42BA-4BE8-A778-50C5C603F148}.Release|Any CPU.ActiveCfg = Release|Any CPU
		{9777E0CC-42BA-4BE8-A778-50C5C603F148}.Release|Any CPU.Build.0 = Release|Any CPU
		{D95F69EA-14B6-486C-BA7A-62E065EC525D}.Analyze|Any CPU.ActiveCfg = Analyze|Any CPU
		{D95F69EA-14B6-486C-BA7A-62E065EC525D}.Analyze|Any CPU.Build.0 = Analyze|Any CPU
		{D95F69EA-14B6-486C-BA7A-62E065EC525D}.Debug|Any CPU.ActiveCfg = Debug|Any CPU
		{D95F69EA-14B6-486C-BA7A-62E065EC525D}.Debug|Any CPU.Build.0 = Debug|Any CPU
		{D95F69EA-14B6-486C-BA7A-62E065EC525D}.Development|Any CPU.ActiveCfg = Development|Any CPU
		{D95F69EA-14B6-486C-BA7A-62E065EC525D}.Development|Any CPU.Build.0 = Development|Any CPU
		{D95F69EA-14B6-486C-BA7A-62E065EC525D}.Release|Any CPU.ActiveCfg = Release|Any CPU
		{D95F69EA-14B6-486C-BA7A-62E065EC525D}.Release|Any CPU.Build.0 = Release|Any CPU
		{2164DCDB-162B-4A00-AC93-3DB8430C6A54}.Analyze|Any CPU.ActiveCfg = Analyze|Any CPU
		{2164DCDB-162B-4A00-AC93-3DB8430C6A54}.Analyze|Any CPU.Build.0 = Analyze|Any CPU
		{2164DCDB-162B-4A00-AC93-3DB8430C6A54}.Debug|Any CPU.ActiveCfg = Debug|Any CPU
		{2164DCDB-162B-4A00-AC93-3DB8430C6A54}.Debug|Any CPU.Build.0 = Debug|Any CPU
		{2164DCDB-162B-4A00-AC93-3DB8430C6A54}.Development|Any CPU.ActiveCfg = Development|Any CPU
		{2164DCDB-162B-4A00-AC93-3DB8430C6A54}.Development|Any CPU.Build.0 = Development|Any CPU
		{2164DCDB-162B-4A00-AC93-3DB8430C6A54}.Release|Any CPU.ActiveCfg = Release|Any CPU
		{2164DCDB-162B-4A00-AC93-3DB8430C6A54}.Release|Any CPU.Build.0 = Release|Any CPU
		{A661647C-863E-46B1-A160-DF0CBC3F19E4}.Analyze|Any CPU.ActiveCfg = Analyze|Any CPU
		{A661647C-863E-46B1-A160-DF0CBC3F19E4}.Analyze|Any CPU.Build.0 = Analyze|Any CPU
		{A661647C-863E-46B1-A160-DF0CBC3F19E4}.Debug|Any CPU.ActiveCfg = Debug|Any CPU
		{A661647C-863E-46B1-A160-DF0CBC3F19E4}.Debug|Any CPU.Build.0 = Debug|Any CPU
		{A661647C-863E-46B1-A160-DF0CBC3F19E4}.Development|Any CPU.ActiveCfg = Development|Any CPU
		{A661647C-863E-46B1-A160-DF0CBC3F19E4}.Development|Any CPU.Build.0 = Development|Any CPU
		{A661647C-863E-46B1-A160-DF0CBC3F19E4}.Release|Any CPU.ActiveCfg = Release|Any CPU
		{A661647C-863E-46B1-A160-DF0CBC3F19E4}.Release|Any CPU.Build.0 = Release|Any CPU
		{449A9418-5EB4-4B0D-8759-BDA38A4F72E1}.Analyze|Any CPU.ActiveCfg = Analyze|Any CPU
		{449A9418-5EB4-4B0D-8759-BDA38A4F72E1}.Analyze|Any CPU.Build.0 = Analyze|Any CPU
		{449A9418-5EB4-4B0D-8759-BDA38A4F72E1}.Debug|Any CPU.ActiveCfg = Debug|Any CPU
		{449A9418-5EB4-4B0D-8759-BDA38A4F72E1}.Debug|Any CPU.Build.0 = Debug|Any CPU
		{449A9418-5EB4-4B0D-8759-BDA38A4F72E1}.Development|Any CPU.ActiveCfg = Development|Any CPU
		{449A9418-5EB4-4B0D-8759-BDA38A4F72E1}.Development|Any CPU.Build.0 = Development|Any CPU
		{449A9418-5EB4-4B0D-8759-BDA38A4F72E1}.Release|Any CPU.ActiveCfg = Release|Any CPU
		{449A9418-5EB4-4B0D-8759-BDA38A4F72E1}.Release|Any CPU.Build.0 = Release|Any CPU
		{17B21F47-04A6-47EC-AD4F-C334B4BB5736}.Analyze|Any CPU.ActiveCfg = Analyze|Any CPU
		{17B21F47-04A6-47EC-AD4F-C334B4BB5736}.Analyze|Any CPU.Build.0 = Analyze|Any CPU
		{17B21F47-04A6-47EC-AD4F-C334B4BB5736}.Debug|Any CPU.ActiveCfg = Debug|Any CPU
		{17B21F47-04A6-47EC-AD4F-C334B4BB5736}.Debug|Any CPU.Build.0 = Debug|Any CPU
		{17B21F47-04A6-47EC-AD4F-C334B4BB5736}.Development|Any CPU.ActiveCfg = Development|Any CPU
		{17B21F47-04A6-47EC-AD4F-C334B4BB5736}.Development|Any CPU.Build.0 = Development|Any CPU
		{17B21F47-04A6-47EC-AD4F-C334B4BB5736}.Release|Any CPU.ActiveCfg = Release|Any CPU
		{17B21F47-04A6-47EC-AD4F-C334B4BB5736}.Release|Any CPU.Build.0 = Release|Any CPU
		{087860D5-C199-4AF6-8419-FC8B872953E4}.Analyze|Any CPU.ActiveCfg = Analyze|Any CPU
		{087860D5-C199-4AF6-8419-FC8B872953E4}.Analyze|Any CPU.Build.0 = Analyze|Any CPU
		{087860D5-C199-4AF6-8419-FC8B872953E4}.Debug|Any CPU.ActiveCfg = Debug|Any CPU
		{087860D5-C199-4AF6-8419-FC8B872953E4}.Debug|Any CPU.Build.0 = Debug|Any CPU
		{087860D5-C199-4AF6-8419-FC8B872953E4}.Development|Any CPU.ActiveCfg = Development|Any CPU
		{087860D5-C199-4AF6-8419-FC8B872953E4}.Development|Any CPU.Build.0 = Development|Any CPU
		{087860D5-C199-4AF6-8419-FC8B872953E4}.Release|Any CPU.ActiveCfg = Release|Any CPU
		{087860D5-C199-4AF6-8419-FC8B872953E4}.Release|Any CPU.Build.0 = Release|Any CPU
		{F3A41454-5C4E-406C-958C-D5293AA254EC}.Analyze|Any CPU.ActiveCfg = Analyze|Any CPU
		{F3A41454-5C4E-406C-958C-D5293AA254EC}.Analyze|Any CPU.Build.0 = Analyze|Any CPU
		{F3A41454-5C4E-406C-958C-D5293AA254EC}.Debug|Any CPU.ActiveCfg = Debug|Any CPU
		{F3A41454-5C4E-406C-958C-D5293AA254EC}.Debug|Any CPU.Build.0 = Debug|Any CPU
		{F3A41454-5C4E-406C-958C-D5293AA254EC}.Development|Any CPU.ActiveCfg = Development|Any CPU
		{F3A41454-5C4E-406C-958C-D5293AA254EC}.Development|Any CPU.Build.0 = Development|Any CPU
		{F3A41454-5C4E-406C-958C-D5293AA254EC}.Release|Any CPU.ActiveCfg = Release|Any CPU
		{F3A41454-5C4E-406C-958C-D5293AA254EC}.Release|Any CPU.Build.0 = Release|Any CPU
		{5DC2B2B9-51F1-4F32-9D6F-541D58A4EB16}.Analyze|Any CPU.ActiveCfg = Analyze|Any CPU
		{5DC2B2B9-51F1-4F32-9D6F-541D58A4EB16}.Analyze|Any CPU.Build.0 = Analyze|Any CPU
		{5DC2B2B9-51F1-4F32-9D6F-541D58A4EB16}.Debug|Any CPU.ActiveCfg = Debug|Any CPU
		{5DC2B2B9-51F1-4F32-9D6F-541D58A4EB16}.Debug|Any CPU.Build.0 = Debug|Any CPU
		{5DC2B2B9-51F1-4F32-9D6F-541D58A4EB16}.Development|Any CPU.ActiveCfg = Development|Any CPU
		{5DC2B2B9-51F1-4F32-9D6F-541D58A4EB16}.Development|Any CPU.Build.0 = Development|Any CPU
		{5DC2B2B9-51F1-4F32-9D6F-541D58A4EB16}.Release|Any CPU.ActiveCfg = Release|Any CPU
		{5DC2B2B9-51F1-4F32-9D6F-541D58A4EB16}.Release|Any CPU.Build.0 = Release|Any CPU
		{F7ACAC8F-B4A2-4371-814D-D83A28EF187B}.Analyze|Any CPU.ActiveCfg = Analyze|Any CPU
		{F7ACAC8F-B4A2-4371-814D-D83A28EF187B}.Analyze|Any CPU.Build.0 = Analyze|Any CPU
		{F7ACAC8F-B4A2-4371-814D-D83A28EF187B}.Debug|Any CPU.ActiveCfg = Debug|Any CPU
		{F7ACAC8F-B4A2-4371-814D-D83A28EF187B}.Debug|Any CPU.Build.0 = Debug|Any CPU
		{F7ACAC8F-B4A2-4371-814D-D83A28EF187B}.Development|Any CPU.ActiveCfg = Development|Any CPU
		{F7ACAC8F-B4A2-4371-814D-D83A28EF187B}.Development|Any CPU.Build.0 = Development|Any CPU
		{F7ACAC8F-B4A2-4371-814D-D83A28EF187B}.Release|Any CPU.ActiveCfg = Release|Any CPU
		{F7ACAC8F-B4A2-4371-814D-D83A28EF187B}.Release|Any CPU.Build.0 = Release|Any CPU
		{DBB48BBC-2FAC-4339-AF40-928B50A55131}.Analyze|Any CPU.ActiveCfg = Analyze|Any CPU
		{DBB48BBC-2FAC-4339-AF40-928B50A55131}.Analyze|Any CPU.Build.0 = Analyze|Any CPU
		{DBB48BBC-2FAC-4339-AF40-928B50A55131}.Debug|Any CPU.ActiveCfg = Debug|Any CPU
		{DBB48BBC-2FAC-4339-AF40-928B50A55131}.Debug|Any CPU.Build.0 = Debug|Any CPU
		{DBB48BBC-2FAC-4339-AF40-928B50A55131}.Development|Any CPU.ActiveCfg = Development|Any CPU
		{DBB48BBC-2FAC-4339-AF40-928B50A55131}.Development|Any CPU.Build.0 = Development|Any CPU
		{DBB48BBC-2FAC-4339-AF40-928B50A55131}.Release|Any CPU.ActiveCfg = Release|Any CPU
		{DBB48BBC-2FAC-4339-AF40-928B50A55131}.Release|Any CPU.Build.0 = Release|Any CPU
		{FF7D9991-EDF0-4678-9370-6B907E0E8EA0}.Analyze|Any CPU.ActiveCfg = Analyze|Any CPU
		{FF7D9991-EDF0-4678-9370-6B907E0E8EA0}.Analyze|Any CPU.Build.0 = Analyze|Any CPU
		{FF7D9991-EDF0-4678-9370-6B907E0E8EA0}.Debug|Any CPU.ActiveCfg = Debug|Any CPU
		{FF7D9991-EDF0-4678-9370-6B907E0E8EA0}.Debug|Any CPU.Build.0 = Debug|Any CPU
		{FF7D9991-EDF0-4678-9370-6B907E0E8EA0}.Development|Any CPU.ActiveCfg = Development|Any CPU
		{FF7D9991-EDF0-4678-9370-6B907E0E8EA0}.Development|Any CPU.Build.0 = Development|Any CPU
		{FF7D9991-EDF0-4678-9370-6B907E0E8EA0}.Release|Any CPU.ActiveCfg = Release|Any CPU
		{FF7D9991-EDF0-4678-9370-6B907E0E8EA0}.Release|Any CPU.Build.0 = Release|Any CPU
		{EB4F7ACF-1E81-4214-B4C8-DFBC6F234B2F}.Analyze|Any CPU.ActiveCfg = Debug|Any CPU
		{EB4F7ACF-1E81-4214-B4C8-DFBC6F234B2F}.Analyze|Any CPU.Build.0 = Debug|Any CPU
		{EB4F7ACF-1E81-4214-B4C8-DFBC6F234B2F}.Debug|Any CPU.ActiveCfg = Debug|Any CPU
		{EB4F7ACF-1E81-4214-B4C8-DFBC6F234B2F}.Debug|Any CPU.Build.0 = Debug|Any CPU
		{EB4F7ACF-1E81-4214-B4C8-DFBC6F234B2F}.Development|Any CPU.ActiveCfg = Development|Any CPU
		{EB4F7ACF-1E81-4214-B4C8-DFBC6F234B2F}.Development|Any CPU.Build.0 = Development|Any CPU
		{EB4F7ACF-1E81-4214-B4C8-DFBC6F234B2F}.Release|Any CPU.ActiveCfg = Release|Any CPU
		{EB4F7ACF-1E81-4214-B4C8-DFBC6F234B2F}.Release|Any CPU.Build.0 = Release|Any CPU
		{9BB6DD17-9F32-4C41-B1D8-6D8652B7AE39}.Analyze|Any CPU.ActiveCfg = Analyze|Any CPU
		{9BB6DD17-9F32-4C41-B1D8-6D8652B7AE39}.Analyze|Any CPU.Build.0 = Analyze|Any CPU
		{9BB6DD17-9F32-4C41-B1D8-6D8652B7AE39}.Debug|Any CPU.ActiveCfg = Debug|Any CPU
		{9BB6DD17-9F32-4C41-B1D8-6D8652B7AE39}.Debug|Any CPU.Build.0 = Debug|Any CPU
		{9BB6DD17-9F32-4C41-B1D8-6D8652B7AE39}.Development|Any CPU.ActiveCfg = Development|Any CPU
		{9BB6DD17-9F32-4C41-B1D8-6D8652B7AE39}.Development|Any CPU.Build.0 = Development|Any CPU
		{9BB6DD17-9F32-4C41-B1D8-6D8652B7AE39}.Release|Any CPU.ActiveCfg = Release|Any CPU
		{9BB6DD17-9F32-4C41-B1D8-6D8652B7AE39}.Release|Any CPU.Build.0 = Release|Any CPU
		{D7D120CD-35AC-3B32-02DD-7D21ABB69B0E}.Analyze|Any CPU.ActiveCfg = Analyze|Any CPU
		{D7D120CD-35AC-3B32-02DD-7D21ABB69B0E}.Analyze|Any CPU.Build.0 = Analyze|Any CPU
		{D7D120CD-35AC-3B32-02DD-7D21ABB69B0E}.Debug|Any CPU.ActiveCfg = Debug|Any CPU
		{D7D120CD-35AC-3B32-02DD-7D21ABB69B0E}.Debug|Any CPU.Build.0 = Debug|Any CPU
		{D7D120CD-35AC-3B32-02DD-7D21ABB69B0E}.Development|Any CPU.ActiveCfg = Development|Any CPU
		{D7D120CD-35AC-3B32-02DD-7D21ABB69B0E}.Development|Any CPU.Build.0 = Development|Any CPU
		{D7D120CD-35AC-3B32-02DD-7D21ABB69B0E}.Release|Any CPU.ActiveCfg = Release|Any CPU
		{D7D120CD-35AC-3B32-02DD-7D21ABB69B0E}.Release|Any CPU.Build.0 = Release|Any CPU
	EndGlobalSection
	GlobalSection(SolutionProperties) = preSolution
		HideSolutionNode = FALSE
	EndGlobalSection
	GlobalSection(NestedProjects) = preSolution
		{A55F898A-92BC-4B75-B9F1-DEB8E69DF2E7} = {1328451A-BCFA-426C-95FE-F5AA290D6946}
		{E2F78E19-157F-46E1-A7EC-19B3D5E091B8} = {1328451A-BCFA-426C-95FE-F5AA290D6946}
		{3EBC04C4-8BA8-495A-B7D7-22C522321818} = {1328451A-BCFA-426C-95FE-F5AA290D6946}
		{1AF31439-17DE-4D57-AADB-84FEA7624CE9} = {1328451A-BCFA-426C-95FE-F5AA290D6946}
		{9777E0CC-42BA-4BE8-A778-50C5C603F148} = {1328451A-BCFA-426C-95FE-F5AA290D6946}
		{D95F69EA-14B6-486C-BA7A-62E065EC525D} = {1328451A-BCFA-426C-95FE-F5AA290D6946}
		{2164DCDB-162B-4A00-AC93-3DB8430C6A54} = {1328451A-BCFA-426C-95FE-F5AA290D6946}
		{A661647C-863E-46B1-A160-DF0CBC3F19E4} = {1328451A-BCFA-426C-95FE-F5AA290D6946}
		{449A9418-5EB4-4B0D-8759-BDA38A4F72E1} = {1328451A-BCFA-426C-95FE-F5AA290D6946}
		{17B21F47-04A6-47EC-AD4F-C334B4BB5736} = {1328451A-BCFA-426C-95FE-F5AA290D6946}
		{087860D5-C199-4AF6-8419-FC8B872953E4} = {1328451A-BCFA-426C-95FE-F5AA290D6946}
		{F3A41454-5C4E-406C-958C-D5293AA254EC} = {4CAA0843-5A62-4CE8-BF6A-E398DBF3355F}
		{5DC2B2B9-51F1-4F32-9D6F-541D58A4EB16} = {4CAA0843-5A62-4CE8-BF6A-E398DBF3355F}
		{F7ACAC8F-B4A2-4371-814D-D83A28EF187B} = {4CAA0843-5A62-4CE8-BF6A-E398DBF3355F}
		{DBB48BBC-2FAC-4339-AF40-928B50A55131} = {4CAA0843-5A62-4CE8-BF6A-E398DBF3355F}
		{FF7D9991-EDF0-4678-9370-6B907E0E8EA0} = {4CAA0843-5A62-4CE8-BF6A-E398DBF3355F}
		{9BB6DD17-9F32-4C41-B1D8-6D8652B7AE39} = {1328451A-BCFA-426C-95FE-F5AA290D6946}
		{D7D120CD-35AC-3B32-02DD-7D21ABB69B0E} = {1328451A-BCFA-426C-95FE-F5AA290D6946}
	EndGlobalSection
EndGlobal
