
Microsoft Visual Studio Solution File, Format Version 12.00
# Visual Studio Version 17
VisualStudioVersion = 17.0.31808.319
MinimumVisualStudioVersion = 10.0.40219.1
Project("{9A19103F-16F7-4668-BE54-9A1E7A4F7556}") = "HordeServer", "HordeServer\HordeServer.csproj", "{199841BA-0C0D-4019-9795-08618F7CD0D3}"
EndProject
Project("{9A19103F-16F7-4668-BE54-9A1E7A4F7556}") = "HordeAgent", "HordeAgent\HordeAgent.csproj", "{5F24A781-351B-4A69-9155-1D716ACE234B}"
EndProject
Project("{9A19103F-16F7-4668-BE54-9A1E7A4F7556}") = "EpicGames.Core", "..\Shared\EpicGames.Core\EpicGames.Core.csproj", "{6402563D-5294-49DA-ADBA-EFEA85BAB94D}"
EndProject
Project("{2150E333-8FDC-42A3-9474-1A3956D46DE8}") = "Shared", "Shared", "{84144B9A-C142-4656-96C8-1D23B9A1C63D}"
EndProject
Project("{9A19103F-16F7-4668-BE54-9A1E7A4F7556}") = "EpicGames.Perforce", "..\Shared\EpicGames.Perforce\EpicGames.Perforce.csproj", "{02FD0749-54D1-4881-98E1-14D6C917C491}"
EndProject
Project("{9A19103F-16F7-4668-BE54-9A1E7A4F7556}") = "HordeServer.Tests", "HordeServer.Tests\HordeServer.Tests.csproj", "{EB3085C5-8768-45EF-AE22-A2B15B7AF926}"
EndProject
Project("{9A19103F-16F7-4668-BE54-9A1E7A4F7556}") = "HordeAgent.Tests", "HordeAgent.Tests\HordeAgent.Tests.csproj", "{0D4F13CA-AE5D-4DAC-8376-E5C43CDF66B7}"
EndProject
Project("{9A19103F-16F7-4668-BE54-9A1E7A4F7556}") = "EpicGames.Perforce.Managed", "..\Shared\EpicGames.Perforce.Managed\EpicGames.Perforce.Managed.csproj", "{D140C598-152C-4955-8517-5B3EAF3DAA7D}"
EndProject
Project("{9A19103F-16F7-4668-BE54-9A1E7A4F7556}") = "EpicGames.IoHash", "..\Shared\EpicGames.IoHash\EpicGames.IoHash.csproj", "{247D346A-DADE-4806-B5E5-DCEFFF920592}"
EndProject
Project("{9A19103F-16F7-4668-BE54-9A1E7A4F7556}") = "EpicGames.Serialization", "..\Shared\EpicGames.Serialization\EpicGames.Serialization.csproj", "{69EE9291-BAF1-4E80-BB1B-AB31CCBCB204}"
EndProject
Project("{9A19103F-16F7-4668-BE54-9A1E7A4F7556}") = "EpicGames.Serialization.Tests", "..\Shared\EpicGames.Serialization.Tests\EpicGames.Serialization.Tests.csproj", "{DB90C9C7-8950-4885-BC40-AA4FF4EE9484}"
EndProject
Project("{9A19103F-16F7-4668-BE54-9A1E7A4F7556}") = "EpicGames.Horde", "..\Shared\EpicGames.Horde\EpicGames.Horde.csproj", "{CB954742-A297-4273-95E4-60749220DB8A}"
EndProject
Project("{9A19103F-16F7-4668-BE54-9A1E7A4F7556}") = "EpicGames.Redis", "..\Shared\EpicGames.Redis\EpicGames.Redis.csproj", "{7DD6EAA3-7523-48A7-B7E4-285BF6FEA2CD}"
EndProject
Project("{9A19103F-16F7-4668-BE54-9A1E7A4F7556}") = "EpicGames.BuildGraph", "..\Shared\EpicGames.BuildGraph\EpicGames.BuildGraph.csproj", "{9F1E5536-9C20-44E5-AE15-2CCA37D3D654}"
EndProject
Project("{9A19103F-16F7-4668-BE54-9A1E7A4F7556}") = "EpicGames.AspNet", "..\Shared\EpicGames.AspNet\EpicGames.AspNet.csproj", "{4A64B662-55DC-4A54-B41D-8A32B18AB0E5}"
EndProject
Project("{9A19103F-16F7-4668-BE54-9A1E7A4F7556}") = "EpicGames.Horde.Tests", "..\Shared\EpicGames.Horde.Tests\EpicGames.Horde.Tests.csproj", "{18C0EB0A-1514-4597-BDBB-47A82B70D5CF}"
EndProject
Project("{9A19103F-16F7-4668-BE54-9A1E7A4F7556}") = "EpicGames.Core.Tests", "..\Shared\EpicGames.Core.Tests\EpicGames.Core.Tests.csproj", "{556E0EFB-F064-49FD-9602-A6AA48F50148}"
EndProject
Project("{9A19103F-16F7-4668-BE54-9A1E7A4F7556}") = "EpicGames.BuildGraph.Tests", "..\Shared\EpicGames.BuildGraph.Tests\EpicGames.BuildGraph.Tests.csproj", "{C2C89F6A-E03F-43A7-84D5-282D48C4C917}"
EndProject
Project("{9A19103F-16F7-4668-BE54-9A1E7A4F7556}") = "EpicGames.Slack", "..\Shared\EpicGames.Slack\EpicGames.Slack.csproj", "{AEBA0D44-6D51-4034-8D07-EA5DAB7BDD81}"
EndProject
Project("{9A19103F-16F7-4668-BE54-9A1E7A4F7556}") = "EpicGames.Oodle", "..\Shared\EpicGames.Oodle\EpicGames.Oodle.csproj", "{A215BC9A-7CD1-4487-9E3B-B256198E498B}"
EndProject
Project("{9A19103F-16F7-4668-BE54-9A1E7A4F7556}") = "EpicGames.Perforce.Managed.Tests", "..\Shared\EpicGames.Perforce.Managed.Tests\EpicGames.Perforce.Managed.Tests.csproj", "{7B8E0EDA-6360-428D-8455-89A232F7A2A6}"
EndProject
Project("{9A19103F-16F7-4668-BE54-9A1E7A4F7556}") = "EpicGames.Perforce.Fixture", "..\Shared\EpicGames.Perforce.Fixture\EpicGames.Perforce.Fixture.csproj", "{012C7AFB-3802-4CCC-AB81-B4C131744065}"
EndProject
Project("{9A19103F-16F7-4668-BE54-9A1E7A4F7556}") = "EpicGames.Redis.Tests", "..\Shared\EpicGames.Redis.Tests\EpicGames.Redis.Tests.csproj", "{BB7F4D62-C5D5-4457-90EC-10642D9B0086}"
EndProject
Project("{9A19103F-16F7-4668-BE54-9A1E7A4F7556}") = "EpicGames.Perforce.Tests", "..\Shared\EpicGames.Perforce.Tests\EpicGames.Perforce.Tests.csproj", "{0E1BA5F9-5DC1-441D-85BE-A12A29C4DB31}"
EndProject
Project("{2150E333-8FDC-42A3-9474-1A3956D46DE8}") = "Samples", "Samples", "{45582533-2575-4C6B-B2D3-087A6AF943C0}"
EndProject
Project("{9A19103F-16F7-4668-BE54-9A1E7A4F7556}") = "RemoteClient", "Samples\RemoteClient\RemoteClient.csproj", "{415A9719-682D-45F3-9336-E460C63387AB}"
	ProjectSection(ProjectDependencies) = postProject
		{5F24A781-351B-4A69-9155-1D716ACE234B} = {5F24A781-351B-4A69-9155-1D716ACE234B}
		{9C9B0CDD-AD2A-4C7E-A5EB-E72ABE538141} = {9C9B0CDD-AD2A-4C7E-A5EB-E72ABE538141}
	EndProjectSection
EndProject
Project("{9A19103F-16F7-4668-BE54-9A1E7A4F7556}") = "RemoteWorker", "Samples\RemoteWorker\RemoteWorker.csproj", "{9C9B0CDD-AD2A-4C7E-A5EB-E72ABE538141}"
EndProject
Project("{9A19103F-16F7-4668-BE54-9A1E7A4F7556}") = "EpicGames.OIDC", "..\Shared\EpicGames.OIDC\EpicGames.OIDC.csproj", "{06AD34BE-74CF-4139-B537-99616D12273F}"
EndProject
Project("{9A19103F-16F7-4668-BE54-9A1E7A4F7556}") = "HordeCmd", "HordeCmd\HordeCmd.csproj", "{1995E4FA-DFFF-44BD-A4C8-C2E59D07E468}"
EndProject
Project("{2150E333-8FDC-42A3-9474-1A3956D46DE8}") = "Installer", "Installer", "{BEC23DA9-595D-4411-A12C-34A2F201B904}"
	ProjectSection(SolutionItems) = preProject
		Installer\AgentInstaller.wxs = Installer\AgentInstaller.wxs
		Installer\ServerInstaller.wxs = Installer\ServerInstaller.wxs
		Installer\ToolboxInstaller.wxs = Installer\ToolboxInstaller.wxs
	EndProjectSection
EndProject
Project("{2150E333-8FDC-42A3-9474-1A3956D46DE8}") = "Build", "Build", "{94A745C1-C2C6-46BB-8F12-498D3DE066F6}"
	ProjectSection(SolutionItems) = preProject
		.editorconfig = .editorconfig
		BuildHorde.xml = BuildHorde.xml
	EndProjectSection
EndProject
Project("{2150E333-8FDC-42A3-9474-1A3956D46DE8}") = "NotForLicensees", "NotForLicensees", "{12EBE70A-F774-40E1-84C4-5AF0CB13437E}"
	ProjectSection(SolutionItems) = preProject
		..\..\..\Restricted\NotForLicensees\Source\Programs\Horde\BuildHorde.xml = ..\..\..\Restricted\NotForLicensees\Source\Programs\Horde\BuildHorde.xml
	EndProjectSection
EndProject
Project("{2150E333-8FDC-42A3-9474-1A3956D46DE8}") = "Docs", "Docs", "{64D634D4-0A90-4076-AE17-E69293BB5C3F}"
EndProject
Project("{D954291E-2A0B-460D-934E-DC6B0785DB48}") = "Docs", "Docs\Docs.shproj", "{791298F6-091F-478B-874B-568D18F54E97}"
EndProject
Project("{9A19103F-16F7-4668-BE54-9A1E7A4F7556}") = "EpicGames.IoHash.Tests", "..\Shared\EpicGames.IoHash.Tests\EpicGames.IoHash.Tests.csproj", "{B0FB0C5F-F4C9-4AAA-9ECB-6590DFEFC733}"
EndProject
Project("{2150E333-8FDC-42A3-9474-1A3956D46DE8}") = "Tools", "Tools", "{58313EA1-DC2B-49DD-A4F8-3288D292ED61}"
EndProject
Project("{9A19103F-16F7-4668-BE54-9A1E7A4F7556}") = "UnrealBuildTool", "..\UnrealBuildTool\UnrealBuildTool.csproj", "{09521596-EF5B-4285-9CFE-6B74AB86863C}"
EndProject
Project("{9A19103F-16F7-4668-BE54-9A1E7A4F7556}") = "AutomationTool.Tests", "..\AutomationTool.Tests\AutomationTool.Tests.csproj", "{69106534-1F69-4373-956E-3C4B5D0B7DF0}"
EndProject
Project("{9A19103F-16F7-4668-BE54-9A1E7A4F7556}") = "AutomationTool", "..\AutomationTool\AutomationTool.csproj", "{6734EB63-7062-40FD-BF61-6F342C72C578}"
EndProject
Project("{2150E333-8FDC-42A3-9474-1A3956D46DE8}") = "Automation", "Automation", "{0A774EFE-C8C3-4240-B94B-F4A7F6939D6E}"
EndProject
Project("{9A19103F-16F7-4668-BE54-9A1E7A4F7556}") = "AutomationUtils.Automation", "..\AutomationTool\AutomationUtils\AutomationUtils.Automation.csproj", "{5293CA08-6458-4E9F-B973-3C2A7710E764}"
EndProject
Project("{9A19103F-16F7-4668-BE54-9A1E7A4F7556}") = "BuildGraph.Automation", "..\AutomationTool\BuildGraph\BuildGraph.Automation.csproj", "{A58780B0-E404-4B25-9E73-F9B732362875}"
EndProject
Project("{9A19103F-16F7-4668-BE54-9A1E7A4F7556}") = "Localization.Automation", "..\AutomationTool\Localization\Localization.Automation.csproj", "{C28147AC-E22A-491E-8C7A-290A94727374}"
EndProject
Project("{9A19103F-16F7-4668-BE54-9A1E7A4F7556}") = "UnrealGameSync", "..\UnrealGameSync\UnrealGameSync\UnrealGameSync.csproj", "{5AC16D37-4129-40CE-9E92-5643277E8D8F}"
EndProject
Project("{9A19103F-16F7-4668-BE54-9A1E7A4F7556}") = "UnrealGameSyncCmd", "..\UnrealGameSync\UnrealGameSyncCmd\UnrealGameSyncCmd.csproj", "{2681A1BB-DA6A-4A6C-81B1-10F4CAD78599}"
EndProject
Project("{9A19103F-16F7-4668-BE54-9A1E7A4F7556}") = "UnrealGameSyncShared", "..\UnrealGameSync\UnrealGameSyncShared\UnrealGameSyncShared.csproj", "{E29DF5A2-99A1-42A6-9368-426776DEA149}"
EndProject
Project("{9A19103F-16F7-4668-BE54-9A1E7A4F7556}") = "ReleaseNotes", "Tools\ReleaseNotes\ReleaseNotes.csproj", "{76B6DB7F-DF83-4765-A9A2-885225A268D7}"
EndProject
Project("{9A19103F-16F7-4668-BE54-9A1E7A4F7556}") = "EpicGames.UBA", "..\Shared\EpicGames.UBA\EpicGames.UBA.csproj", "{94F358B6-2E29-4947-87CA-C9DC70EE83F7}"
EndProject
Project("{9A19103F-16F7-4668-BE54-9A1E7A4F7556}") = "EpicGames.ProjectStore", "..\Shared\EpicGames.ProjectStore\EpicGames.ProjectStore.csproj", "{548C7D05-54FE-45D3-A80A-E7C2C07C9C1F}"
EndProject
Project("{9A19103F-16F7-4668-BE54-9A1E7A4F7556}") = "EpicGames.Build", "..\Shared\EpicGames.Build\EpicGames.Build.csproj", "{CBC66480-A26D-431A-8990-6C32BAAB6C3F}"
EndProject
Project("{9A19103F-16F7-4668-BE54-9A1E7A4F7556}") = "JobDriver", "Drivers\JobDriver\JobDriver.csproj", "{25C42F8C-6D36-4595-8B02-130F3566DA06}"
EndProject
Project("{9A19103F-16F7-4668-BE54-9A1E7A4F7556}") = "JobDriver.Tests", "Drivers\JobDriver.Tests\JobDriver.Tests.csproj", "{D475A94A-C87B-4E55-BC7F-A54F14364B16}"
EndProject
Project("{2150E333-8FDC-42A3-9474-1A3956D46DE8}") = "Drivers", "Drivers", "{9C8DF7BD-3F47-4222-9018-7D16AEBDE773}"
EndProject
Project("{9A19103F-16F7-4668-BE54-9A1E7A4F7556}") = "EpicGames.UHT", "..\Shared\EpicGames.UHT\EpicGames.UHT.csproj", "{A6A238A8-1A4B-4A15-90AD-CBAAA22DA537}"
EndProject
Project("{9A19103F-16F7-4668-BE54-9A1E7A4F7556}") = "EpicGames.MsBuild", "..\Shared\EpicGames.MsBuild\EpicGames.MsBuild.csproj", "{AC5E1F60-6284-48FD-9F72-D180720695FC}"
EndProject
Project("{9A19103F-16F7-4668-BE54-9A1E7A4F7556}") = "HordeServer.Shared", "HordeServer.Shared\HordeServer.Shared.csproj", "{669806E7-5F56-4B5D-A51F-69ADB074C16B}"
EndProject
Project("{2150E333-8FDC-42A3-9474-1A3956D46DE8}") = "Plugins", "Plugins", "{C0214E80-0A85-4432-834D-9DC48104AD26}"
EndProject
Project("{2150E333-8FDC-42A3-9474-1A3956D46DE8}") = "Analytics", "Analytics", "{71B9D9DB-7CAD-4E01-8889-04939AD1B949}"
EndProject
Project("{9A19103F-16F7-4668-BE54-9A1E7A4F7556}") = "HordeServer.Analytics", "Plugins\Analytics\HordeServer.Analytics\HordeServer.Analytics.csproj", "{CDB902A7-5CDC-4B17-9DB0-ECB606FE0C31}"
EndProject
Project("{9A19103F-16F7-4668-BE54-9A1E7A4F7556}") = "HordeServer.Analytics.Tests", "Plugins\Analytics\HordeServer.Analytics.Tests\HordeServer.Analytics.Tests.csproj", "{65A93DE6-CA55-421E-9D95-37A6A7897A08}"
EndProject
Project("{9A19103F-16F7-4668-BE54-9A1E7A4F7556}") = "HordeServer.Tests.Shared", "HordeServer.Tests.Shared\HordeServer.Tests.Shared.csproj", "{2C0C4317-7C0F-4D95-AE97-B1F15FFDE631}"
EndProject
Project("{2150E333-8FDC-42A3-9474-1A3956D46DE8}") = "Storage", "Storage", "{E0EF6915-EB92-4402-B384-F1E2668EDEFB}"
EndProject
Project("{9A19103F-16F7-4668-BE54-9A1E7A4F7556}") = "HordeServer.Storage", "Plugins\Storage\HordeServer.Storage\HordeServer.Storage.csproj", "{47012482-480E-403C-B6CC-3A633653870E}"
EndProject
Project("{9A19103F-16F7-4668-BE54-9A1E7A4F7556}") = "HordeServer.Storage.Tests", "Plugins\Storage\HordeServer.Storage.Tests\HordeServer.Storage.Tests.csproj", "{31F78551-BBEB-4FF4-B61D-767319042E8B}"
EndProject
Project("{2150E333-8FDC-42A3-9474-1A3956D46DE8}") = "Ddc", "Ddc", "{E98654A2-E7E7-4D33-AD4C-FD6C30EF6792}"
EndProject
Project("{9A19103F-16F7-4668-BE54-9A1E7A4F7556}") = "HordeServer.Ddc", "Plugins\Ddc\HordeServer.Ddc\HordeServer.Ddc.csproj", "{EB65EA75-F6DE-4CCD-AEAF-8286A0E6374D}"
EndProject
Project("{9A19103F-16F7-4668-BE54-9A1E7A4F7556}") = "HordeServer.Ddc.Tests", "Plugins\Ddc\HordeServer.Ddc.Tests\HordeServer.Ddc.Tests.csproj", "{D155AE78-83CA-425D-BFBF-C89C83B92889}"
EndProject
Project("{2150E333-8FDC-42A3-9474-1A3956D46DE8}") = "Tools", "Tools", "{94946C3E-8429-4972-A1F1-8087FB769000}"
EndProject
Project("{9A19103F-16F7-4668-BE54-9A1E7A4F7556}") = "HordeServer.Tools", "Plugins\Tools\HordeServer.Tools\HordeServer.Tools.csproj", "{58175FE9-AD22-4388-824E-3645936E48A8}"
EndProject
Project("{9A19103F-16F7-4668-BE54-9A1E7A4F7556}") = "HordeServer.Tools.Tests", "Plugins\Tools\HordeServer.Tools.Tests\HordeServer.Tools.Tests.csproj", "{CAA044FB-B4BF-4B00-A671-20FE215D051A}"
EndProject
Project("{2150E333-8FDC-42A3-9474-1A3956D46DE8}") = "Secrets", "Secrets", "{F1A8CCB8-6578-46AF-BF62-1945CE68AAE7}"
EndProject
Project("{9A19103F-16F7-4668-BE54-9A1E7A4F7556}") = "HordeServer.Secrets", "Plugins\Secrets\HordeServer.Secrets\HordeServer.Secrets.csproj", "{C5D23399-E7A4-4DDE-80E2-D5758627B692}"
EndProject
Project("{2150E333-8FDC-42A3-9474-1A3956D46DE8}") = "Compute", "Compute", "{A557FA20-4587-443E-B98F-6206A9C6EE85}"
EndProject
Project("{9A19103F-16F7-4668-BE54-9A1E7A4F7556}") = "HordeServer.Compute", "Plugins\Compute\HordeServer.Compute\HordeServer.Compute.csproj", "{418961DE-A56B-4755-8D3E-6A699AFA95F4}"
EndProject
Project("{9A19103F-16F7-4668-BE54-9A1E7A4F7556}") = "HordeServer.Compute.Tests", "Plugins\Compute\HordeServer.Compute.Tests\HordeServer.Compute.Tests.csproj", "{DC670759-D699-4334-83D3-60B74B76FC1A}"
EndProject
Project("{2150E333-8FDC-42A3-9474-1A3956D46DE8}") = "Build", "Build", "{A3FAA4A0-5DDA-4065-B8E5-6141980DFBB4}"
EndProject
Project("{9A19103F-16F7-4668-BE54-9A1E7A4F7556}") = "HordeServer.Build", "Plugins\Build\HordeServer.Build\HordeServer.Build.csproj", "{57042495-19BF-4A8F-957A-AA3C6C2529BF}"
EndProject
Project("{9A19103F-16F7-4668-BE54-9A1E7A4F7556}") = "HordeServer.Build.Tests", "Plugins\Build\HordeServer.Build.Tests\HordeServer.Build.Tests.csproj", "{E4C41104-BC84-4EC6-BC32-FD7343F26EAC}"
EndProject
Project("{2150E333-8FDC-42A3-9474-1A3956D46DE8}") = "Symbols", "Symbols", "{24D4526F-E649-4C8A-86F8-1A74C253F1E3}"
EndProject
Project("{9A19103F-16F7-4668-BE54-9A1E7A4F7556}") = "HordeServer.Symbols", "Plugins\Symbols\HordeServer.Symbols\HordeServer.Symbols.csproj", "{346F8FD4-6B29-4791-8472-C977A383BF82}"
EndProject
Project("{9A19103F-16F7-4668-BE54-9A1E7A4F7556}") = "UnrealToolbox", "..\UnrealToolbox\UnrealToolbox.csproj", "{C30C14C0-1531-4FFC-81E9-CBB09EECF2B5}"
EndProject
Project("{9A19103F-16F7-4668-BE54-9A1E7A4F7556}") = "UnrealBuildTool.Tests", "..\Shared\UnrealBuildTool.Tests\UnrealBuildTool.Tests.csproj", "{01F04890-45B1-403B-9A68-6617F1F58349}"
EndProject
Project("{2150E333-8FDC-42A3-9474-1A3956D46DE8}") = "Experimental", "Experimental", "{B326183F-A151-470E-A05D-1ED053D99039}"
EndProject
Project("{9A19103F-16F7-4668-BE54-9A1E7A4F7556}") = "HordeServer.Experimental", "Plugins\Experimental\HordeServer.Experimental\HordeServer.Experimental.csproj", "{AE9A2F3B-56EF-4657-9653-245BD20F651B}"
EndProject
Project("{9A19103F-16F7-4668-BE54-9A1E7A4F7556}") = "HordeServer.Experimental.Tests", "Plugins\Experimental\HordeServer.Experimental.Tests\HordeServer.Experimental.Tests.csproj", "{8EBC72F9-848A-49A1-A8AB-BD70E7770856}"
EndProject
Project("{9A19103F-16F7-4668-BE54-9A1E7A4F7556}") = "OidcToken", "..\OidcToken\OidcToken.csproj", "{986F9DF7-4C22-40AE-9A30-BB3BCE30B75F}"
EndProject
Project("{9A19103F-16F7-4668-BE54-9A1E7A4F7556}") = "HordeServer.Secrets.Tests", "Plugins\Secrets\HordeServer.Secrets.Tests\HordeServer.Secrets.Tests.csproj", "{52C01935-9455-431C-8B6C-6386666262A2}"
EndProject
Project("{9A19103F-16F7-4668-BE54-9A1E7A4F7556}") = "HordeServer.Analytics.Integration.Tests", "Plugins\Analytics\HordeServer.Analytics.Integration.Tests\HordeServer.Analytics.Integration.Tests.csproj", "{45862FFA-D5D0-4D93-B8FE-890687750138}"
EndProject
Global
	GlobalSection(SolutionConfigurationPlatforms) = preSolution
		Analyze|Any CPU = Analyze|Any CPU
		Debug|Any CPU = Debug|Any CPU
		DebugAutoUpdate|Any CPU = DebugAutoUpdate|Any CPU
		Development|Any CPU = Development|Any CPU
		Release|Any CPU = Release|Any CPU
		ReleaseAutoUpdate|Any CPU = ReleaseAutoUpdate|Any CPU
	EndGlobalSection
	GlobalSection(ProjectConfigurationPlatforms) = postSolution
		{199841BA-0C0D-4019-9795-08618F7CD0D3}.Analyze|Any CPU.ActiveCfg = Analyze|Any CPU
		{199841BA-0C0D-4019-9795-08618F7CD0D3}.Analyze|Any CPU.Build.0 = Analyze|Any CPU
		{199841BA-0C0D-4019-9795-08618F7CD0D3}.Debug|Any CPU.ActiveCfg = Debug|Any CPU
		{199841BA-0C0D-4019-9795-08618F7CD0D3}.Debug|Any CPU.Build.0 = Debug|Any CPU
		{199841BA-0C0D-4019-9795-08618F7CD0D3}.DebugAutoUpdate|Any CPU.ActiveCfg = Debug|Any CPU
		{199841BA-0C0D-4019-9795-08618F7CD0D3}.DebugAutoUpdate|Any CPU.Build.0 = Debug|Any CPU
		{199841BA-0C0D-4019-9795-08618F7CD0D3}.Development|Any CPU.ActiveCfg = Debug|Any CPU
		{199841BA-0C0D-4019-9795-08618F7CD0D3}.Development|Any CPU.Build.0 = Debug|Any CPU
		{199841BA-0C0D-4019-9795-08618F7CD0D3}.Release|Any CPU.ActiveCfg = Release|Any CPU
		{199841BA-0C0D-4019-9795-08618F7CD0D3}.Release|Any CPU.Build.0 = Release|Any CPU
		{199841BA-0C0D-4019-9795-08618F7CD0D3}.ReleaseAutoUpdate|Any CPU.ActiveCfg = Release|Any CPU
		{199841BA-0C0D-4019-9795-08618F7CD0D3}.ReleaseAutoUpdate|Any CPU.Build.0 = Release|Any CPU
		{5F24A781-351B-4A69-9155-1D716ACE234B}.Analyze|Any CPU.ActiveCfg = Analyze|Any CPU
		{5F24A781-351B-4A69-9155-1D716ACE234B}.Analyze|Any CPU.Build.0 = Analyze|Any CPU
		{5F24A781-351B-4A69-9155-1D716ACE234B}.Debug|Any CPU.ActiveCfg = Debug|Any CPU
		{5F24A781-351B-4A69-9155-1D716ACE234B}.Debug|Any CPU.Build.0 = Debug|Any CPU
		{5F24A781-351B-4A69-9155-1D716ACE234B}.DebugAutoUpdate|Any CPU.ActiveCfg = Debug|Any CPU
		{5F24A781-351B-4A69-9155-1D716ACE234B}.DebugAutoUpdate|Any CPU.Build.0 = Debug|Any CPU
		{5F24A781-351B-4A69-9155-1D716ACE234B}.Development|Any CPU.ActiveCfg = Debug|Any CPU
		{5F24A781-351B-4A69-9155-1D716ACE234B}.Development|Any CPU.Build.0 = Debug|Any CPU
		{5F24A781-351B-4A69-9155-1D716ACE234B}.Release|Any CPU.ActiveCfg = Release|Any CPU
		{5F24A781-351B-4A69-9155-1D716ACE234B}.Release|Any CPU.Build.0 = Release|Any CPU
		{5F24A781-351B-4A69-9155-1D716ACE234B}.ReleaseAutoUpdate|Any CPU.ActiveCfg = Release|Any CPU
		{5F24A781-351B-4A69-9155-1D716ACE234B}.ReleaseAutoUpdate|Any CPU.Build.0 = Release|Any CPU
		{6402563D-5294-49DA-ADBA-EFEA85BAB94D}.Analyze|Any CPU.ActiveCfg = Analyze|Any CPU
		{6402563D-5294-49DA-ADBA-EFEA85BAB94D}.Analyze|Any CPU.Build.0 = Analyze|Any CPU
		{6402563D-5294-49DA-ADBA-EFEA85BAB94D}.Debug|Any CPU.ActiveCfg = Debug|Any CPU
		{6402563D-5294-49DA-ADBA-EFEA85BAB94D}.Debug|Any CPU.Build.0 = Debug|Any CPU
		{6402563D-5294-49DA-ADBA-EFEA85BAB94D}.DebugAutoUpdate|Any CPU.ActiveCfg = Development|Any CPU
		{6402563D-5294-49DA-ADBA-EFEA85BAB94D}.DebugAutoUpdate|Any CPU.Build.0 = Development|Any CPU
		{6402563D-5294-49DA-ADBA-EFEA85BAB94D}.Development|Any CPU.ActiveCfg = Development|Any CPU
		{6402563D-5294-49DA-ADBA-EFEA85BAB94D}.Development|Any CPU.Build.0 = Development|Any CPU
		{6402563D-5294-49DA-ADBA-EFEA85BAB94D}.Release|Any CPU.ActiveCfg = Release|Any CPU
		{6402563D-5294-49DA-ADBA-EFEA85BAB94D}.Release|Any CPU.Build.0 = Release|Any CPU
		{6402563D-5294-49DA-ADBA-EFEA85BAB94D}.ReleaseAutoUpdate|Any CPU.ActiveCfg = Release|Any CPU
		{6402563D-5294-49DA-ADBA-EFEA85BAB94D}.ReleaseAutoUpdate|Any CPU.Build.0 = Release|Any CPU
		{02FD0749-54D1-4881-98E1-14D6C917C491}.Analyze|Any CPU.ActiveCfg = Analyze|Any CPU
		{02FD0749-54D1-4881-98E1-14D6C917C491}.Analyze|Any CPU.Build.0 = Analyze|Any CPU
		{02FD0749-54D1-4881-98E1-14D6C917C491}.Debug|Any CPU.ActiveCfg = Debug|Any CPU
		{02FD0749-54D1-4881-98E1-14D6C917C491}.Debug|Any CPU.Build.0 = Debug|Any CPU
		{02FD0749-54D1-4881-98E1-14D6C917C491}.DebugAutoUpdate|Any CPU.ActiveCfg = Development|Any CPU
		{02FD0749-54D1-4881-98E1-14D6C917C491}.DebugAutoUpdate|Any CPU.Build.0 = Development|Any CPU
		{02FD0749-54D1-4881-98E1-14D6C917C491}.Development|Any CPU.ActiveCfg = Development|Any CPU
		{02FD0749-54D1-4881-98E1-14D6C917C491}.Development|Any CPU.Build.0 = Development|Any CPU
		{02FD0749-54D1-4881-98E1-14D6C917C491}.Release|Any CPU.ActiveCfg = Release|Any CPU
		{02FD0749-54D1-4881-98E1-14D6C917C491}.Release|Any CPU.Build.0 = Release|Any CPU
		{02FD0749-54D1-4881-98E1-14D6C917C491}.ReleaseAutoUpdate|Any CPU.ActiveCfg = Release|Any CPU
		{02FD0749-54D1-4881-98E1-14D6C917C491}.ReleaseAutoUpdate|Any CPU.Build.0 = Release|Any CPU
		{EB3085C5-8768-45EF-AE22-A2B15B7AF926}.Analyze|Any CPU.ActiveCfg = Analyze|Any CPU
		{EB3085C5-8768-45EF-AE22-A2B15B7AF926}.Analyze|Any CPU.Build.0 = Analyze|Any CPU
		{EB3085C5-8768-45EF-AE22-A2B15B7AF926}.Debug|Any CPU.ActiveCfg = Debug|Any CPU
		{EB3085C5-8768-45EF-AE22-A2B15B7AF926}.Debug|Any CPU.Build.0 = Debug|Any CPU
		{EB3085C5-8768-45EF-AE22-A2B15B7AF926}.DebugAutoUpdate|Any CPU.ActiveCfg = Development|Any CPU
		{EB3085C5-8768-45EF-AE22-A2B15B7AF926}.DebugAutoUpdate|Any CPU.Build.0 = Development|Any CPU
		{EB3085C5-8768-45EF-AE22-A2B15B7AF926}.Development|Any CPU.ActiveCfg = Debug|Any CPU
		{EB3085C5-8768-45EF-AE22-A2B15B7AF926}.Development|Any CPU.Build.0 = Debug|Any CPU
		{EB3085C5-8768-45EF-AE22-A2B15B7AF926}.Release|Any CPU.ActiveCfg = Release|Any CPU
		{EB3085C5-8768-45EF-AE22-A2B15B7AF926}.Release|Any CPU.Build.0 = Release|Any CPU
		{EB3085C5-8768-45EF-AE22-A2B15B7AF926}.ReleaseAutoUpdate|Any CPU.ActiveCfg = Release|Any CPU
		{EB3085C5-8768-45EF-AE22-A2B15B7AF926}.ReleaseAutoUpdate|Any CPU.Build.0 = Release|Any CPU
		{0D4F13CA-AE5D-4DAC-8376-E5C43CDF66B7}.Analyze|Any CPU.ActiveCfg = Analyze|Any CPU
		{0D4F13CA-AE5D-4DAC-8376-E5C43CDF66B7}.Analyze|Any CPU.Build.0 = Analyze|Any CPU
		{0D4F13CA-AE5D-4DAC-8376-E5C43CDF66B7}.Debug|Any CPU.ActiveCfg = Debug|Any CPU
		{0D4F13CA-AE5D-4DAC-8376-E5C43CDF66B7}.Debug|Any CPU.Build.0 = Debug|Any CPU
		{0D4F13CA-AE5D-4DAC-8376-E5C43CDF66B7}.DebugAutoUpdate|Any CPU.ActiveCfg = Development|Any CPU
		{0D4F13CA-AE5D-4DAC-8376-E5C43CDF66B7}.DebugAutoUpdate|Any CPU.Build.0 = Development|Any CPU
		{0D4F13CA-AE5D-4DAC-8376-E5C43CDF66B7}.Development|Any CPU.ActiveCfg = Debug|Any CPU
		{0D4F13CA-AE5D-4DAC-8376-E5C43CDF66B7}.Development|Any CPU.Build.0 = Debug|Any CPU
		{0D4F13CA-AE5D-4DAC-8376-E5C43CDF66B7}.Release|Any CPU.ActiveCfg = Release|Any CPU
		{0D4F13CA-AE5D-4DAC-8376-E5C43CDF66B7}.Release|Any CPU.Build.0 = Release|Any CPU
		{0D4F13CA-AE5D-4DAC-8376-E5C43CDF66B7}.ReleaseAutoUpdate|Any CPU.ActiveCfg = Release|Any CPU
		{0D4F13CA-AE5D-4DAC-8376-E5C43CDF66B7}.ReleaseAutoUpdate|Any CPU.Build.0 = Release|Any CPU
		{D140C598-152C-4955-8517-5B3EAF3DAA7D}.Analyze|Any CPU.ActiveCfg = Analyze|Any CPU
		{D140C598-152C-4955-8517-5B3EAF3DAA7D}.Analyze|Any CPU.Build.0 = Analyze|Any CPU
		{D140C598-152C-4955-8517-5B3EAF3DAA7D}.Debug|Any CPU.ActiveCfg = Debug|Any CPU
		{D140C598-152C-4955-8517-5B3EAF3DAA7D}.Debug|Any CPU.Build.0 = Debug|Any CPU
		{D140C598-152C-4955-8517-5B3EAF3DAA7D}.DebugAutoUpdate|Any CPU.ActiveCfg = Development|Any CPU
		{D140C598-152C-4955-8517-5B3EAF3DAA7D}.DebugAutoUpdate|Any CPU.Build.0 = Development|Any CPU
		{D140C598-152C-4955-8517-5B3EAF3DAA7D}.Development|Any CPU.ActiveCfg = Development|Any CPU
		{D140C598-152C-4955-8517-5B3EAF3DAA7D}.Development|Any CPU.Build.0 = Development|Any CPU
		{D140C598-152C-4955-8517-5B3EAF3DAA7D}.Release|Any CPU.ActiveCfg = Release|Any CPU
		{D140C598-152C-4955-8517-5B3EAF3DAA7D}.Release|Any CPU.Build.0 = Release|Any CPU
		{D140C598-152C-4955-8517-5B3EAF3DAA7D}.ReleaseAutoUpdate|Any CPU.ActiveCfg = Release|Any CPU
		{D140C598-152C-4955-8517-5B3EAF3DAA7D}.ReleaseAutoUpdate|Any CPU.Build.0 = Release|Any CPU
		{247D346A-DADE-4806-B5E5-DCEFFF920592}.Analyze|Any CPU.ActiveCfg = Analyze|Any CPU
		{247D346A-DADE-4806-B5E5-DCEFFF920592}.Analyze|Any CPU.Build.0 = Analyze|Any CPU
		{247D346A-DADE-4806-B5E5-DCEFFF920592}.Debug|Any CPU.ActiveCfg = Debug|Any CPU
		{247D346A-DADE-4806-B5E5-DCEFFF920592}.Debug|Any CPU.Build.0 = Debug|Any CPU
		{247D346A-DADE-4806-B5E5-DCEFFF920592}.DebugAutoUpdate|Any CPU.ActiveCfg = Development|Any CPU
		{247D346A-DADE-4806-B5E5-DCEFFF920592}.DebugAutoUpdate|Any CPU.Build.0 = Development|Any CPU
		{247D346A-DADE-4806-B5E5-DCEFFF920592}.Development|Any CPU.ActiveCfg = Development|Any CPU
		{247D346A-DADE-4806-B5E5-DCEFFF920592}.Development|Any CPU.Build.0 = Development|Any CPU
		{247D346A-DADE-4806-B5E5-DCEFFF920592}.Release|Any CPU.ActiveCfg = Release|Any CPU
		{247D346A-DADE-4806-B5E5-DCEFFF920592}.Release|Any CPU.Build.0 = Release|Any CPU
		{247D346A-DADE-4806-B5E5-DCEFFF920592}.ReleaseAutoUpdate|Any CPU.ActiveCfg = Release|Any CPU
		{247D346A-DADE-4806-B5E5-DCEFFF920592}.ReleaseAutoUpdate|Any CPU.Build.0 = Release|Any CPU
		{69EE9291-BAF1-4E80-BB1B-AB31CCBCB204}.Analyze|Any CPU.ActiveCfg = Analyze|Any CPU
		{69EE9291-BAF1-4E80-BB1B-AB31CCBCB204}.Analyze|Any CPU.Build.0 = Analyze|Any CPU
		{69EE9291-BAF1-4E80-BB1B-AB31CCBCB204}.Debug|Any CPU.ActiveCfg = Debug|Any CPU
		{69EE9291-BAF1-4E80-BB1B-AB31CCBCB204}.Debug|Any CPU.Build.0 = Debug|Any CPU
		{69EE9291-BAF1-4E80-BB1B-AB31CCBCB204}.DebugAutoUpdate|Any CPU.ActiveCfg = Development|Any CPU
		{69EE9291-BAF1-4E80-BB1B-AB31CCBCB204}.DebugAutoUpdate|Any CPU.Build.0 = Development|Any CPU
		{69EE9291-BAF1-4E80-BB1B-AB31CCBCB204}.Development|Any CPU.ActiveCfg = Development|Any CPU
		{69EE9291-BAF1-4E80-BB1B-AB31CCBCB204}.Development|Any CPU.Build.0 = Development|Any CPU
		{69EE9291-BAF1-4E80-BB1B-AB31CCBCB204}.Release|Any CPU.ActiveCfg = Release|Any CPU
		{69EE9291-BAF1-4E80-BB1B-AB31CCBCB204}.Release|Any CPU.Build.0 = Release|Any CPU
		{69EE9291-BAF1-4E80-BB1B-AB31CCBCB204}.ReleaseAutoUpdate|Any CPU.ActiveCfg = Release|Any CPU
		{69EE9291-BAF1-4E80-BB1B-AB31CCBCB204}.ReleaseAutoUpdate|Any CPU.Build.0 = Release|Any CPU
		{DB90C9C7-8950-4885-BC40-AA4FF4EE9484}.Analyze|Any CPU.ActiveCfg = Analyze|Any CPU
		{DB90C9C7-8950-4885-BC40-AA4FF4EE9484}.Analyze|Any CPU.Build.0 = Analyze|Any CPU
		{DB90C9C7-8950-4885-BC40-AA4FF4EE9484}.Debug|Any CPU.ActiveCfg = Debug|Any CPU
		{DB90C9C7-8950-4885-BC40-AA4FF4EE9484}.Debug|Any CPU.Build.0 = Debug|Any CPU
		{DB90C9C7-8950-4885-BC40-AA4FF4EE9484}.DebugAutoUpdate|Any CPU.ActiveCfg = Development|Any CPU
		{DB90C9C7-8950-4885-BC40-AA4FF4EE9484}.DebugAutoUpdate|Any CPU.Build.0 = Development|Any CPU
		{DB90C9C7-8950-4885-BC40-AA4FF4EE9484}.Development|Any CPU.ActiveCfg = Development|Any CPU
		{DB90C9C7-8950-4885-BC40-AA4FF4EE9484}.Development|Any CPU.Build.0 = Development|Any CPU
		{DB90C9C7-8950-4885-BC40-AA4FF4EE9484}.Release|Any CPU.ActiveCfg = Release|Any CPU
		{DB90C9C7-8950-4885-BC40-AA4FF4EE9484}.Release|Any CPU.Build.0 = Release|Any CPU
		{DB90C9C7-8950-4885-BC40-AA4FF4EE9484}.ReleaseAutoUpdate|Any CPU.ActiveCfg = Release|Any CPU
		{DB90C9C7-8950-4885-BC40-AA4FF4EE9484}.ReleaseAutoUpdate|Any CPU.Build.0 = Release|Any CPU
		{CB954742-A297-4273-95E4-60749220DB8A}.Analyze|Any CPU.ActiveCfg = Analyze|Any CPU
		{CB954742-A297-4273-95E4-60749220DB8A}.Analyze|Any CPU.Build.0 = Analyze|Any CPU
		{CB954742-A297-4273-95E4-60749220DB8A}.Debug|Any CPU.ActiveCfg = Debug|Any CPU
		{CB954742-A297-4273-95E4-60749220DB8A}.Debug|Any CPU.Build.0 = Debug|Any CPU
		{CB954742-A297-4273-95E4-60749220DB8A}.DebugAutoUpdate|Any CPU.ActiveCfg = Development|Any CPU
		{CB954742-A297-4273-95E4-60749220DB8A}.DebugAutoUpdate|Any CPU.Build.0 = Development|Any CPU
		{CB954742-A297-4273-95E4-60749220DB8A}.Development|Any CPU.ActiveCfg = Development|Any CPU
		{CB954742-A297-4273-95E4-60749220DB8A}.Development|Any CPU.Build.0 = Development|Any CPU
		{CB954742-A297-4273-95E4-60749220DB8A}.Release|Any CPU.ActiveCfg = Release|Any CPU
		{CB954742-A297-4273-95E4-60749220DB8A}.Release|Any CPU.Build.0 = Release|Any CPU
		{CB954742-A297-4273-95E4-60749220DB8A}.ReleaseAutoUpdate|Any CPU.ActiveCfg = Release|Any CPU
		{CB954742-A297-4273-95E4-60749220DB8A}.ReleaseAutoUpdate|Any CPU.Build.0 = Release|Any CPU
		{7DD6EAA3-7523-48A7-B7E4-285BF6FEA2CD}.Analyze|Any CPU.ActiveCfg = Analyze|Any CPU
		{7DD6EAA3-7523-48A7-B7E4-285BF6FEA2CD}.Analyze|Any CPU.Build.0 = Analyze|Any CPU
		{7DD6EAA3-7523-48A7-B7E4-285BF6FEA2CD}.Debug|Any CPU.ActiveCfg = Debug|Any CPU
		{7DD6EAA3-7523-48A7-B7E4-285BF6FEA2CD}.Debug|Any CPU.Build.0 = Debug|Any CPU
		{7DD6EAA3-7523-48A7-B7E4-285BF6FEA2CD}.DebugAutoUpdate|Any CPU.ActiveCfg = Development|Any CPU
		{7DD6EAA3-7523-48A7-B7E4-285BF6FEA2CD}.DebugAutoUpdate|Any CPU.Build.0 = Development|Any CPU
		{7DD6EAA3-7523-48A7-B7E4-285BF6FEA2CD}.Development|Any CPU.ActiveCfg = Development|Any CPU
		{7DD6EAA3-7523-48A7-B7E4-285BF6FEA2CD}.Development|Any CPU.Build.0 = Development|Any CPU
		{7DD6EAA3-7523-48A7-B7E4-285BF6FEA2CD}.Release|Any CPU.ActiveCfg = Release|Any CPU
		{7DD6EAA3-7523-48A7-B7E4-285BF6FEA2CD}.Release|Any CPU.Build.0 = Release|Any CPU
		{7DD6EAA3-7523-48A7-B7E4-285BF6FEA2CD}.ReleaseAutoUpdate|Any CPU.ActiveCfg = Release|Any CPU
		{7DD6EAA3-7523-48A7-B7E4-285BF6FEA2CD}.ReleaseAutoUpdate|Any CPU.Build.0 = Release|Any CPU
		{9F1E5536-9C20-44E5-AE15-2CCA37D3D654}.Analyze|Any CPU.ActiveCfg = Analyze|Any CPU
		{9F1E5536-9C20-44E5-AE15-2CCA37D3D654}.Analyze|Any CPU.Build.0 = Analyze|Any CPU
		{9F1E5536-9C20-44E5-AE15-2CCA37D3D654}.Debug|Any CPU.ActiveCfg = Debug|Any CPU
		{9F1E5536-9C20-44E5-AE15-2CCA37D3D654}.Debug|Any CPU.Build.0 = Debug|Any CPU
		{9F1E5536-9C20-44E5-AE15-2CCA37D3D654}.DebugAutoUpdate|Any CPU.ActiveCfg = Development|Any CPU
		{9F1E5536-9C20-44E5-AE15-2CCA37D3D654}.DebugAutoUpdate|Any CPU.Build.0 = Development|Any CPU
		{9F1E5536-9C20-44E5-AE15-2CCA37D3D654}.Development|Any CPU.ActiveCfg = Development|Any CPU
		{9F1E5536-9C20-44E5-AE15-2CCA37D3D654}.Development|Any CPU.Build.0 = Development|Any CPU
		{9F1E5536-9C20-44E5-AE15-2CCA37D3D654}.Release|Any CPU.ActiveCfg = Release|Any CPU
		{9F1E5536-9C20-44E5-AE15-2CCA37D3D654}.Release|Any CPU.Build.0 = Release|Any CPU
		{9F1E5536-9C20-44E5-AE15-2CCA37D3D654}.ReleaseAutoUpdate|Any CPU.ActiveCfg = Release|Any CPU
		{9F1E5536-9C20-44E5-AE15-2CCA37D3D654}.ReleaseAutoUpdate|Any CPU.Build.0 = Release|Any CPU
		{4A64B662-55DC-4A54-B41D-8A32B18AB0E5}.Analyze|Any CPU.ActiveCfg = Analyze|Any CPU
		{4A64B662-55DC-4A54-B41D-8A32B18AB0E5}.Analyze|Any CPU.Build.0 = Analyze|Any CPU
		{4A64B662-55DC-4A54-B41D-8A32B18AB0E5}.Debug|Any CPU.ActiveCfg = Debug|Any CPU
		{4A64B662-55DC-4A54-B41D-8A32B18AB0E5}.Debug|Any CPU.Build.0 = Debug|Any CPU
		{4A64B662-55DC-4A54-B41D-8A32B18AB0E5}.DebugAutoUpdate|Any CPU.ActiveCfg = Development|Any CPU
		{4A64B662-55DC-4A54-B41D-8A32B18AB0E5}.DebugAutoUpdate|Any CPU.Build.0 = Development|Any CPU
		{4A64B662-55DC-4A54-B41D-8A32B18AB0E5}.Development|Any CPU.ActiveCfg = Development|Any CPU
		{4A64B662-55DC-4A54-B41D-8A32B18AB0E5}.Development|Any CPU.Build.0 = Development|Any CPU
		{4A64B662-55DC-4A54-B41D-8A32B18AB0E5}.Release|Any CPU.ActiveCfg = Release|Any CPU
		{4A64B662-55DC-4A54-B41D-8A32B18AB0E5}.Release|Any CPU.Build.0 = Release|Any CPU
		{4A64B662-55DC-4A54-B41D-8A32B18AB0E5}.ReleaseAutoUpdate|Any CPU.ActiveCfg = Release|Any CPU
		{4A64B662-55DC-4A54-B41D-8A32B18AB0E5}.ReleaseAutoUpdate|Any CPU.Build.0 = Release|Any CPU
		{18C0EB0A-1514-4597-BDBB-47A82B70D5CF}.Analyze|Any CPU.ActiveCfg = Analyze|Any CPU
		{18C0EB0A-1514-4597-BDBB-47A82B70D5CF}.Analyze|Any CPU.Build.0 = Analyze|Any CPU
		{18C0EB0A-1514-4597-BDBB-47A82B70D5CF}.Debug|Any CPU.ActiveCfg = Debug|Any CPU
		{18C0EB0A-1514-4597-BDBB-47A82B70D5CF}.Debug|Any CPU.Build.0 = Debug|Any CPU
		{18C0EB0A-1514-4597-BDBB-47A82B70D5CF}.DebugAutoUpdate|Any CPU.ActiveCfg = Development|Any CPU
		{18C0EB0A-1514-4597-BDBB-47A82B70D5CF}.DebugAutoUpdate|Any CPU.Build.0 = Development|Any CPU
		{18C0EB0A-1514-4597-BDBB-47A82B70D5CF}.Development|Any CPU.ActiveCfg = Development|Any CPU
		{18C0EB0A-1514-4597-BDBB-47A82B70D5CF}.Development|Any CPU.Build.0 = Development|Any CPU
		{18C0EB0A-1514-4597-BDBB-47A82B70D5CF}.Release|Any CPU.ActiveCfg = Release|Any CPU
		{18C0EB0A-1514-4597-BDBB-47A82B70D5CF}.Release|Any CPU.Build.0 = Release|Any CPU
		{18C0EB0A-1514-4597-BDBB-47A82B70D5CF}.ReleaseAutoUpdate|Any CPU.ActiveCfg = Release|Any CPU
		{18C0EB0A-1514-4597-BDBB-47A82B70D5CF}.ReleaseAutoUpdate|Any CPU.Build.0 = Release|Any CPU
		{556E0EFB-F064-49FD-9602-A6AA48F50148}.Analyze|Any CPU.ActiveCfg = Analyze|Any CPU
		{556E0EFB-F064-49FD-9602-A6AA48F50148}.Analyze|Any CPU.Build.0 = Analyze|Any CPU
		{556E0EFB-F064-49FD-9602-A6AA48F50148}.Debug|Any CPU.ActiveCfg = Debug|Any CPU
		{556E0EFB-F064-49FD-9602-A6AA48F50148}.Debug|Any CPU.Build.0 = Debug|Any CPU
		{556E0EFB-F064-49FD-9602-A6AA48F50148}.DebugAutoUpdate|Any CPU.ActiveCfg = Development|Any CPU
		{556E0EFB-F064-49FD-9602-A6AA48F50148}.DebugAutoUpdate|Any CPU.Build.0 = Development|Any CPU
		{556E0EFB-F064-49FD-9602-A6AA48F50148}.Development|Any CPU.ActiveCfg = Development|Any CPU
		{556E0EFB-F064-49FD-9602-A6AA48F50148}.Development|Any CPU.Build.0 = Development|Any CPU
		{556E0EFB-F064-49FD-9602-A6AA48F50148}.Release|Any CPU.ActiveCfg = Release|Any CPU
		{556E0EFB-F064-49FD-9602-A6AA48F50148}.Release|Any CPU.Build.0 = Release|Any CPU
		{556E0EFB-F064-49FD-9602-A6AA48F50148}.ReleaseAutoUpdate|Any CPU.ActiveCfg = Release|Any CPU
		{556E0EFB-F064-49FD-9602-A6AA48F50148}.ReleaseAutoUpdate|Any CPU.Build.0 = Release|Any CPU
		{C2C89F6A-E03F-43A7-84D5-282D48C4C917}.Analyze|Any CPU.ActiveCfg = Analyze|Any CPU
		{C2C89F6A-E03F-43A7-84D5-282D48C4C917}.Analyze|Any CPU.Build.0 = Analyze|Any CPU
		{C2C89F6A-E03F-43A7-84D5-282D48C4C917}.Debug|Any CPU.ActiveCfg = Debug|Any CPU
		{C2C89F6A-E03F-43A7-84D5-282D48C4C917}.Debug|Any CPU.Build.0 = Debug|Any CPU
		{C2C89F6A-E03F-43A7-84D5-282D48C4C917}.DebugAutoUpdate|Any CPU.ActiveCfg = Development|Any CPU
		{C2C89F6A-E03F-43A7-84D5-282D48C4C917}.DebugAutoUpdate|Any CPU.Build.0 = Development|Any CPU
		{C2C89F6A-E03F-43A7-84D5-282D48C4C917}.Development|Any CPU.ActiveCfg = Development|Any CPU
		{C2C89F6A-E03F-43A7-84D5-282D48C4C917}.Development|Any CPU.Build.0 = Development|Any CPU
		{C2C89F6A-E03F-43A7-84D5-282D48C4C917}.Release|Any CPU.ActiveCfg = Release|Any CPU
		{C2C89F6A-E03F-43A7-84D5-282D48C4C917}.Release|Any CPU.Build.0 = Release|Any CPU
		{C2C89F6A-E03F-43A7-84D5-282D48C4C917}.ReleaseAutoUpdate|Any CPU.ActiveCfg = Release|Any CPU
		{C2C89F6A-E03F-43A7-84D5-282D48C4C917}.ReleaseAutoUpdate|Any CPU.Build.0 = Release|Any CPU
		{AEBA0D44-6D51-4034-8D07-EA5DAB7BDD81}.Analyze|Any CPU.ActiveCfg = Analyze|Any CPU
		{AEBA0D44-6D51-4034-8D07-EA5DAB7BDD81}.Analyze|Any CPU.Build.0 = Analyze|Any CPU
		{AEBA0D44-6D51-4034-8D07-EA5DAB7BDD81}.Debug|Any CPU.ActiveCfg = Debug|Any CPU
		{AEBA0D44-6D51-4034-8D07-EA5DAB7BDD81}.Debug|Any CPU.Build.0 = Debug|Any CPU
		{AEBA0D44-6D51-4034-8D07-EA5DAB7BDD81}.DebugAutoUpdate|Any CPU.ActiveCfg = Development|Any CPU
		{AEBA0D44-6D51-4034-8D07-EA5DAB7BDD81}.DebugAutoUpdate|Any CPU.Build.0 = Development|Any CPU
		{AEBA0D44-6D51-4034-8D07-EA5DAB7BDD81}.Development|Any CPU.ActiveCfg = Development|Any CPU
		{AEBA0D44-6D51-4034-8D07-EA5DAB7BDD81}.Development|Any CPU.Build.0 = Development|Any CPU
		{AEBA0D44-6D51-4034-8D07-EA5DAB7BDD81}.Release|Any CPU.ActiveCfg = Release|Any CPU
		{AEBA0D44-6D51-4034-8D07-EA5DAB7BDD81}.Release|Any CPU.Build.0 = Release|Any CPU
		{AEBA0D44-6D51-4034-8D07-EA5DAB7BDD81}.ReleaseAutoUpdate|Any CPU.ActiveCfg = Release|Any CPU
		{AEBA0D44-6D51-4034-8D07-EA5DAB7BDD81}.ReleaseAutoUpdate|Any CPU.Build.0 = Release|Any CPU
		{A215BC9A-7CD1-4487-9E3B-B256198E498B}.Analyze|Any CPU.ActiveCfg = Analyze|Any CPU
		{A215BC9A-7CD1-4487-9E3B-B256198E498B}.Analyze|Any CPU.Build.0 = Analyze|Any CPU
		{A215BC9A-7CD1-4487-9E3B-B256198E498B}.Debug|Any CPU.ActiveCfg = Debug|Any CPU
		{A215BC9A-7CD1-4487-9E3B-B256198E498B}.Debug|Any CPU.Build.0 = Debug|Any CPU
		{A215BC9A-7CD1-4487-9E3B-B256198E498B}.DebugAutoUpdate|Any CPU.ActiveCfg = Development|Any CPU
		{A215BC9A-7CD1-4487-9E3B-B256198E498B}.DebugAutoUpdate|Any CPU.Build.0 = Development|Any CPU
		{A215BC9A-7CD1-4487-9E3B-B256198E498B}.Development|Any CPU.ActiveCfg = Development|Any CPU
		{A215BC9A-7CD1-4487-9E3B-B256198E498B}.Development|Any CPU.Build.0 = Development|Any CPU
		{A215BC9A-7CD1-4487-9E3B-B256198E498B}.Release|Any CPU.ActiveCfg = Release|Any CPU
		{A215BC9A-7CD1-4487-9E3B-B256198E498B}.Release|Any CPU.Build.0 = Release|Any CPU
		{A215BC9A-7CD1-4487-9E3B-B256198E498B}.ReleaseAutoUpdate|Any CPU.ActiveCfg = Release|Any CPU
		{A215BC9A-7CD1-4487-9E3B-B256198E498B}.ReleaseAutoUpdate|Any CPU.Build.0 = Release|Any CPU
		{7B8E0EDA-6360-428D-8455-89A232F7A2A6}.Analyze|Any CPU.ActiveCfg = Analyze|Any CPU
		{7B8E0EDA-6360-428D-8455-89A232F7A2A6}.Analyze|Any CPU.Build.0 = Analyze|Any CPU
		{7B8E0EDA-6360-428D-8455-89A232F7A2A6}.Debug|Any CPU.ActiveCfg = Debug|Any CPU
		{7B8E0EDA-6360-428D-8455-89A232F7A2A6}.Debug|Any CPU.Build.0 = Debug|Any CPU
		{7B8E0EDA-6360-428D-8455-89A232F7A2A6}.DebugAutoUpdate|Any CPU.ActiveCfg = Development|Any CPU
		{7B8E0EDA-6360-428D-8455-89A232F7A2A6}.DebugAutoUpdate|Any CPU.Build.0 = Development|Any CPU
		{7B8E0EDA-6360-428D-8455-89A232F7A2A6}.Development|Any CPU.ActiveCfg = Development|Any CPU
		{7B8E0EDA-6360-428D-8455-89A232F7A2A6}.Development|Any CPU.Build.0 = Development|Any CPU
		{7B8E0EDA-6360-428D-8455-89A232F7A2A6}.Release|Any CPU.ActiveCfg = Release|Any CPU
		{7B8E0EDA-6360-428D-8455-89A232F7A2A6}.Release|Any CPU.Build.0 = Release|Any CPU
		{7B8E0EDA-6360-428D-8455-89A232F7A2A6}.ReleaseAutoUpdate|Any CPU.ActiveCfg = Release|Any CPU
		{7B8E0EDA-6360-428D-8455-89A232F7A2A6}.ReleaseAutoUpdate|Any CPU.Build.0 = Release|Any CPU
		{012C7AFB-3802-4CCC-AB81-B4C131744065}.Analyze|Any CPU.ActiveCfg = Analyze|Any CPU
		{012C7AFB-3802-4CCC-AB81-B4C131744065}.Analyze|Any CPU.Build.0 = Analyze|Any CPU
		{012C7AFB-3802-4CCC-AB81-B4C131744065}.Debug|Any CPU.ActiveCfg = Debug|Any CPU
		{012C7AFB-3802-4CCC-AB81-B4C131744065}.Debug|Any CPU.Build.0 = Debug|Any CPU
		{012C7AFB-3802-4CCC-AB81-B4C131744065}.DebugAutoUpdate|Any CPU.ActiveCfg = Development|Any CPU
		{012C7AFB-3802-4CCC-AB81-B4C131744065}.DebugAutoUpdate|Any CPU.Build.0 = Development|Any CPU
		{012C7AFB-3802-4CCC-AB81-B4C131744065}.Development|Any CPU.ActiveCfg = Development|Any CPU
		{012C7AFB-3802-4CCC-AB81-B4C131744065}.Development|Any CPU.Build.0 = Development|Any CPU
		{012C7AFB-3802-4CCC-AB81-B4C131744065}.Release|Any CPU.ActiveCfg = Release|Any CPU
		{012C7AFB-3802-4CCC-AB81-B4C131744065}.Release|Any CPU.Build.0 = Release|Any CPU
		{012C7AFB-3802-4CCC-AB81-B4C131744065}.ReleaseAutoUpdate|Any CPU.ActiveCfg = Release|Any CPU
		{012C7AFB-3802-4CCC-AB81-B4C131744065}.ReleaseAutoUpdate|Any CPU.Build.0 = Release|Any CPU
		{BB7F4D62-C5D5-4457-90EC-10642D9B0086}.Analyze|Any CPU.ActiveCfg = Analyze|Any CPU
		{BB7F4D62-C5D5-4457-90EC-10642D9B0086}.Analyze|Any CPU.Build.0 = Analyze|Any CPU
		{BB7F4D62-C5D5-4457-90EC-10642D9B0086}.Debug|Any CPU.ActiveCfg = Debug|Any CPU
		{BB7F4D62-C5D5-4457-90EC-10642D9B0086}.Debug|Any CPU.Build.0 = Debug|Any CPU
		{BB7F4D62-C5D5-4457-90EC-10642D9B0086}.DebugAutoUpdate|Any CPU.ActiveCfg = Development|Any CPU
		{BB7F4D62-C5D5-4457-90EC-10642D9B0086}.DebugAutoUpdate|Any CPU.Build.0 = Development|Any CPU
		{BB7F4D62-C5D5-4457-90EC-10642D9B0086}.Development|Any CPU.ActiveCfg = Development|Any CPU
		{BB7F4D62-C5D5-4457-90EC-10642D9B0086}.Development|Any CPU.Build.0 = Development|Any CPU
		{BB7F4D62-C5D5-4457-90EC-10642D9B0086}.Release|Any CPU.ActiveCfg = Release|Any CPU
		{BB7F4D62-C5D5-4457-90EC-10642D9B0086}.Release|Any CPU.Build.0 = Release|Any CPU
		{BB7F4D62-C5D5-4457-90EC-10642D9B0086}.ReleaseAutoUpdate|Any CPU.ActiveCfg = Release|Any CPU
		{BB7F4D62-C5D5-4457-90EC-10642D9B0086}.ReleaseAutoUpdate|Any CPU.Build.0 = Release|Any CPU
		{0E1BA5F9-5DC1-441D-85BE-A12A29C4DB31}.Analyze|Any CPU.ActiveCfg = Analyze|Any CPU
		{0E1BA5F9-5DC1-441D-85BE-A12A29C4DB31}.Analyze|Any CPU.Build.0 = Analyze|Any CPU
		{0E1BA5F9-5DC1-441D-85BE-A12A29C4DB31}.Debug|Any CPU.ActiveCfg = Debug|Any CPU
		{0E1BA5F9-5DC1-441D-85BE-A12A29C4DB31}.Debug|Any CPU.Build.0 = Debug|Any CPU
		{0E1BA5F9-5DC1-441D-85BE-A12A29C4DB31}.DebugAutoUpdate|Any CPU.ActiveCfg = Development|Any CPU
		{0E1BA5F9-5DC1-441D-85BE-A12A29C4DB31}.DebugAutoUpdate|Any CPU.Build.0 = Development|Any CPU
		{0E1BA5F9-5DC1-441D-85BE-A12A29C4DB31}.Development|Any CPU.ActiveCfg = Development|Any CPU
		{0E1BA5F9-5DC1-441D-85BE-A12A29C4DB31}.Development|Any CPU.Build.0 = Development|Any CPU
		{0E1BA5F9-5DC1-441D-85BE-A12A29C4DB31}.Release|Any CPU.ActiveCfg = Release|Any CPU
		{0E1BA5F9-5DC1-441D-85BE-A12A29C4DB31}.Release|Any CPU.Build.0 = Release|Any CPU
		{0E1BA5F9-5DC1-441D-85BE-A12A29C4DB31}.ReleaseAutoUpdate|Any CPU.ActiveCfg = Release|Any CPU
		{0E1BA5F9-5DC1-441D-85BE-A12A29C4DB31}.ReleaseAutoUpdate|Any CPU.Build.0 = Release|Any CPU
		{415A9719-682D-45F3-9336-E460C63387AB}.Analyze|Any CPU.ActiveCfg = Debug|Any CPU
		{415A9719-682D-45F3-9336-E460C63387AB}.Analyze|Any CPU.Build.0 = Debug|Any CPU
		{415A9719-682D-45F3-9336-E460C63387AB}.Debug|Any CPU.ActiveCfg = Debug|Any CPU
		{415A9719-682D-45F3-9336-E460C63387AB}.Debug|Any CPU.Build.0 = Debug|Any CPU
		{415A9719-682D-45F3-9336-E460C63387AB}.DebugAutoUpdate|Any CPU.ActiveCfg = Debug|Any CPU
		{415A9719-682D-45F3-9336-E460C63387AB}.DebugAutoUpdate|Any CPU.Build.0 = Debug|Any CPU
		{415A9719-682D-45F3-9336-E460C63387AB}.Development|Any CPU.ActiveCfg = Debug|Any CPU
		{415A9719-682D-45F3-9336-E460C63387AB}.Development|Any CPU.Build.0 = Debug|Any CPU
		{415A9719-682D-45F3-9336-E460C63387AB}.Release|Any CPU.ActiveCfg = Release|Any CPU
		{415A9719-682D-45F3-9336-E460C63387AB}.Release|Any CPU.Build.0 = Release|Any CPU
		{415A9719-682D-45F3-9336-E460C63387AB}.ReleaseAutoUpdate|Any CPU.ActiveCfg = Release|Any CPU
		{415A9719-682D-45F3-9336-E460C63387AB}.ReleaseAutoUpdate|Any CPU.Build.0 = Release|Any CPU
		{9C9B0CDD-AD2A-4C7E-A5EB-E72ABE538141}.Analyze|Any CPU.ActiveCfg = Debug|Any CPU
		{9C9B0CDD-AD2A-4C7E-A5EB-E72ABE538141}.Analyze|Any CPU.Build.0 = Debug|Any CPU
		{9C9B0CDD-AD2A-4C7E-A5EB-E72ABE538141}.Debug|Any CPU.ActiveCfg = Debug|Any CPU
		{9C9B0CDD-AD2A-4C7E-A5EB-E72ABE538141}.Debug|Any CPU.Build.0 = Debug|Any CPU
		{9C9B0CDD-AD2A-4C7E-A5EB-E72ABE538141}.DebugAutoUpdate|Any CPU.ActiveCfg = Debug|Any CPU
		{9C9B0CDD-AD2A-4C7E-A5EB-E72ABE538141}.DebugAutoUpdate|Any CPU.Build.0 = Debug|Any CPU
		{9C9B0CDD-AD2A-4C7E-A5EB-E72ABE538141}.Development|Any CPU.ActiveCfg = Debug|Any CPU
		{9C9B0CDD-AD2A-4C7E-A5EB-E72ABE538141}.Development|Any CPU.Build.0 = Debug|Any CPU
		{9C9B0CDD-AD2A-4C7E-A5EB-E72ABE538141}.Release|Any CPU.ActiveCfg = Release|Any CPU
		{9C9B0CDD-AD2A-4C7E-A5EB-E72ABE538141}.Release|Any CPU.Build.0 = Release|Any CPU
		{9C9B0CDD-AD2A-4C7E-A5EB-E72ABE538141}.ReleaseAutoUpdate|Any CPU.ActiveCfg = Release|Any CPU
		{9C9B0CDD-AD2A-4C7E-A5EB-E72ABE538141}.ReleaseAutoUpdate|Any CPU.Build.0 = Release|Any CPU
		{06AD34BE-74CF-4139-B537-99616D12273F}.Analyze|Any CPU.ActiveCfg = Analyze|Any CPU
		{06AD34BE-74CF-4139-B537-99616D12273F}.Analyze|Any CPU.Build.0 = Analyze|Any CPU
		{06AD34BE-74CF-4139-B537-99616D12273F}.Debug|Any CPU.ActiveCfg = Debug|Any CPU
		{06AD34BE-74CF-4139-B537-99616D12273F}.Debug|Any CPU.Build.0 = Debug|Any CPU
		{06AD34BE-74CF-4139-B537-99616D12273F}.DebugAutoUpdate|Any CPU.ActiveCfg = Development|Any CPU
		{06AD34BE-74CF-4139-B537-99616D12273F}.DebugAutoUpdate|Any CPU.Build.0 = Development|Any CPU
		{06AD34BE-74CF-4139-B537-99616D12273F}.Development|Any CPU.ActiveCfg = Development|Any CPU
		{06AD34BE-74CF-4139-B537-99616D12273F}.Development|Any CPU.Build.0 = Development|Any CPU
		{06AD34BE-74CF-4139-B537-99616D12273F}.Release|Any CPU.ActiveCfg = Release|Any CPU
		{06AD34BE-74CF-4139-B537-99616D12273F}.Release|Any CPU.Build.0 = Release|Any CPU
		{06AD34BE-74CF-4139-B537-99616D12273F}.ReleaseAutoUpdate|Any CPU.ActiveCfg = Release|Any CPU
		{06AD34BE-74CF-4139-B537-99616D12273F}.ReleaseAutoUpdate|Any CPU.Build.0 = Release|Any CPU
		{1995E4FA-DFFF-44BD-A4C8-C2E59D07E468}.Analyze|Any CPU.ActiveCfg = Analyze|Any CPU
		{1995E4FA-DFFF-44BD-A4C8-C2E59D07E468}.Analyze|Any CPU.Build.0 = Analyze|Any CPU
		{1995E4FA-DFFF-44BD-A4C8-C2E59D07E468}.Debug|Any CPU.ActiveCfg = Debug|Any CPU
		{1995E4FA-DFFF-44BD-A4C8-C2E59D07E468}.Debug|Any CPU.Build.0 = Debug|Any CPU
		{1995E4FA-DFFF-44BD-A4C8-C2E59D07E468}.DebugAutoUpdate|Any CPU.ActiveCfg = Debug|Any CPU
		{1995E4FA-DFFF-44BD-A4C8-C2E59D07E468}.DebugAutoUpdate|Any CPU.Build.0 = Debug|Any CPU
		{1995E4FA-DFFF-44BD-A4C8-C2E59D07E468}.Development|Any CPU.ActiveCfg = Debug|Any CPU
		{1995E4FA-DFFF-44BD-A4C8-C2E59D07E468}.Development|Any CPU.Build.0 = Debug|Any CPU
		{1995E4FA-DFFF-44BD-A4C8-C2E59D07E468}.Release|Any CPU.ActiveCfg = Release|Any CPU
		{1995E4FA-DFFF-44BD-A4C8-C2E59D07E468}.Release|Any CPU.Build.0 = Release|Any CPU
		{1995E4FA-DFFF-44BD-A4C8-C2E59D07E468}.ReleaseAutoUpdate|Any CPU.ActiveCfg = Release|Any CPU
		{1995E4FA-DFFF-44BD-A4C8-C2E59D07E468}.ReleaseAutoUpdate|Any CPU.Build.0 = Release|Any CPU
		{B0FB0C5F-F4C9-4AAA-9ECB-6590DFEFC733}.Analyze|Any CPU.ActiveCfg = Debug|Any CPU
		{B0FB0C5F-F4C9-4AAA-9ECB-6590DFEFC733}.Analyze|Any CPU.Build.0 = Debug|Any CPU
		{B0FB0C5F-F4C9-4AAA-9ECB-6590DFEFC733}.Debug|Any CPU.ActiveCfg = Debug|Any CPU
		{B0FB0C5F-F4C9-4AAA-9ECB-6590DFEFC733}.Debug|Any CPU.Build.0 = Debug|Any CPU
		{B0FB0C5F-F4C9-4AAA-9ECB-6590DFEFC733}.DebugAutoUpdate|Any CPU.ActiveCfg = Development|Any CPU
		{B0FB0C5F-F4C9-4AAA-9ECB-6590DFEFC733}.DebugAutoUpdate|Any CPU.Build.0 = Development|Any CPU
		{B0FB0C5F-F4C9-4AAA-9ECB-6590DFEFC733}.Development|Any CPU.ActiveCfg = Development|Any CPU
		{B0FB0C5F-F4C9-4AAA-9ECB-6590DFEFC733}.Development|Any CPU.Build.0 = Development|Any CPU
		{B0FB0C5F-F4C9-4AAA-9ECB-6590DFEFC733}.Release|Any CPU.ActiveCfg = Release|Any CPU
		{B0FB0C5F-F4C9-4AAA-9ECB-6590DFEFC733}.Release|Any CPU.Build.0 = Release|Any CPU
		{B0FB0C5F-F4C9-4AAA-9ECB-6590DFEFC733}.ReleaseAutoUpdate|Any CPU.ActiveCfg = Release|Any CPU
		{B0FB0C5F-F4C9-4AAA-9ECB-6590DFEFC733}.ReleaseAutoUpdate|Any CPU.Build.0 = Release|Any CPU
		{09521596-EF5B-4285-9CFE-6B74AB86863C}.Analyze|Any CPU.ActiveCfg = Analyze|Any CPU
		{09521596-EF5B-4285-9CFE-6B74AB86863C}.Analyze|Any CPU.Build.0 = Analyze|Any CPU
		{09521596-EF5B-4285-9CFE-6B74AB86863C}.Debug|Any CPU.ActiveCfg = Debug|Any CPU
		{09521596-EF5B-4285-9CFE-6B74AB86863C}.Debug|Any CPU.Build.0 = Debug|Any CPU
		{09521596-EF5B-4285-9CFE-6B74AB86863C}.DebugAutoUpdate|Any CPU.ActiveCfg = Development|Any CPU
		{09521596-EF5B-4285-9CFE-6B74AB86863C}.DebugAutoUpdate|Any CPU.Build.0 = Development|Any CPU
		{09521596-EF5B-4285-9CFE-6B74AB86863C}.Development|Any CPU.ActiveCfg = Development|Any CPU
		{09521596-EF5B-4285-9CFE-6B74AB86863C}.Development|Any CPU.Build.0 = Development|Any CPU
		{09521596-EF5B-4285-9CFE-6B74AB86863C}.Release|Any CPU.ActiveCfg = Release|Any CPU
		{09521596-EF5B-4285-9CFE-6B74AB86863C}.Release|Any CPU.Build.0 = Release|Any CPU
		{09521596-EF5B-4285-9CFE-6B74AB86863C}.ReleaseAutoUpdate|Any CPU.ActiveCfg = Release|Any CPU
		{09521596-EF5B-4285-9CFE-6B74AB86863C}.ReleaseAutoUpdate|Any CPU.Build.0 = Release|Any CPU
		{69106534-1F69-4373-956E-3C4B5D0B7DF0}.Analyze|Any CPU.ActiveCfg = Debug|Any CPU
		{69106534-1F69-4373-956E-3C4B5D0B7DF0}.Analyze|Any CPU.Build.0 = Debug|Any CPU
		{69106534-1F69-4373-956E-3C4B5D0B7DF0}.Debug|Any CPU.ActiveCfg = Debug|Any CPU
		{69106534-1F69-4373-956E-3C4B5D0B7DF0}.Debug|Any CPU.Build.0 = Debug|Any CPU
		{69106534-1F69-4373-956E-3C4B5D0B7DF0}.DebugAutoUpdate|Any CPU.ActiveCfg = Debug|Any CPU
		{69106534-1F69-4373-956E-3C4B5D0B7DF0}.DebugAutoUpdate|Any CPU.Build.0 = Debug|Any CPU
		{69106534-1F69-4373-956E-3C4B5D0B7DF0}.Development|Any CPU.ActiveCfg = Debug|Any CPU
		{69106534-1F69-4373-956E-3C4B5D0B7DF0}.Development|Any CPU.Build.0 = Debug|Any CPU
		{69106534-1F69-4373-956E-3C4B5D0B7DF0}.Release|Any CPU.ActiveCfg = Release|Any CPU
		{69106534-1F69-4373-956E-3C4B5D0B7DF0}.Release|Any CPU.Build.0 = Release|Any CPU
		{69106534-1F69-4373-956E-3C4B5D0B7DF0}.ReleaseAutoUpdate|Any CPU.ActiveCfg = Release|Any CPU
		{69106534-1F69-4373-956E-3C4B5D0B7DF0}.ReleaseAutoUpdate|Any CPU.Build.0 = Release|Any CPU
		{6734EB63-7062-40FD-BF61-6F342C72C578}.Analyze|Any CPU.ActiveCfg = Analyze|Any CPU
		{6734EB63-7062-40FD-BF61-6F342C72C578}.Analyze|Any CPU.Build.0 = Analyze|Any CPU
		{6734EB63-7062-40FD-BF61-6F342C72C578}.Debug|Any CPU.ActiveCfg = Debug|Any CPU
		{6734EB63-7062-40FD-BF61-6F342C72C578}.Debug|Any CPU.Build.0 = Debug|Any CPU
		{6734EB63-7062-40FD-BF61-6F342C72C578}.DebugAutoUpdate|Any CPU.ActiveCfg = Development|Any CPU
		{6734EB63-7062-40FD-BF61-6F342C72C578}.DebugAutoUpdate|Any CPU.Build.0 = Development|Any CPU
		{6734EB63-7062-40FD-BF61-6F342C72C578}.Development|Any CPU.ActiveCfg = Development|Any CPU
		{6734EB63-7062-40FD-BF61-6F342C72C578}.Development|Any CPU.Build.0 = Development|Any CPU
		{6734EB63-7062-40FD-BF61-6F342C72C578}.Release|Any CPU.ActiveCfg = Release|Any CPU
		{6734EB63-7062-40FD-BF61-6F342C72C578}.Release|Any CPU.Build.0 = Release|Any CPU
		{6734EB63-7062-40FD-BF61-6F342C72C578}.ReleaseAutoUpdate|Any CPU.ActiveCfg = Release|Any CPU
		{6734EB63-7062-40FD-BF61-6F342C72C578}.ReleaseAutoUpdate|Any CPU.Build.0 = Release|Any CPU
		{5293CA08-6458-4E9F-B973-3C2A7710E764}.Analyze|Any CPU.ActiveCfg = Debug|Any CPU
		{5293CA08-6458-4E9F-B973-3C2A7710E764}.Analyze|Any CPU.Build.0 = Debug|Any CPU
		{5293CA08-6458-4E9F-B973-3C2A7710E764}.Debug|Any CPU.ActiveCfg = Debug|Any CPU
		{5293CA08-6458-4E9F-B973-3C2A7710E764}.Debug|Any CPU.Build.0 = Debug|Any CPU
		{5293CA08-6458-4E9F-B973-3C2A7710E764}.DebugAutoUpdate|Any CPU.ActiveCfg = Development|Any CPU
		{5293CA08-6458-4E9F-B973-3C2A7710E764}.DebugAutoUpdate|Any CPU.Build.0 = Development|Any CPU
		{5293CA08-6458-4E9F-B973-3C2A7710E764}.Development|Any CPU.ActiveCfg = Development|Any CPU
		{5293CA08-6458-4E9F-B973-3C2A7710E764}.Development|Any CPU.Build.0 = Development|Any CPU
		{5293CA08-6458-4E9F-B973-3C2A7710E764}.Release|Any CPU.ActiveCfg = Release|Any CPU
		{5293CA08-6458-4E9F-B973-3C2A7710E764}.Release|Any CPU.Build.0 = Release|Any CPU
		{5293CA08-6458-4E9F-B973-3C2A7710E764}.ReleaseAutoUpdate|Any CPU.ActiveCfg = Release|Any CPU
		{5293CA08-6458-4E9F-B973-3C2A7710E764}.ReleaseAutoUpdate|Any CPU.Build.0 = Release|Any CPU
		{A58780B0-E404-4B25-9E73-F9B732362875}.Analyze|Any CPU.ActiveCfg = Analyze|Any CPU
		{A58780B0-E404-4B25-9E73-F9B732362875}.Analyze|Any CPU.Build.0 = Analyze|Any CPU
		{A58780B0-E404-4B25-9E73-F9B732362875}.Debug|Any CPU.ActiveCfg = Debug|Any CPU
		{A58780B0-E404-4B25-9E73-F9B732362875}.Debug|Any CPU.Build.0 = Debug|Any CPU
		{A58780B0-E404-4B25-9E73-F9B732362875}.DebugAutoUpdate|Any CPU.ActiveCfg = Development|Any CPU
		{A58780B0-E404-4B25-9E73-F9B732362875}.DebugAutoUpdate|Any CPU.Build.0 = Development|Any CPU
		{A58780B0-E404-4B25-9E73-F9B732362875}.Development|Any CPU.ActiveCfg = Development|Any CPU
		{A58780B0-E404-4B25-9E73-F9B732362875}.Development|Any CPU.Build.0 = Development|Any CPU
		{A58780B0-E404-4B25-9E73-F9B732362875}.Release|Any CPU.ActiveCfg = Release|Any CPU
		{A58780B0-E404-4B25-9E73-F9B732362875}.Release|Any CPU.Build.0 = Release|Any CPU
		{A58780B0-E404-4B25-9E73-F9B732362875}.ReleaseAutoUpdate|Any CPU.ActiveCfg = Release|Any CPU
		{A58780B0-E404-4B25-9E73-F9B732362875}.ReleaseAutoUpdate|Any CPU.Build.0 = Release|Any CPU
		{C28147AC-E22A-491E-8C7A-290A94727374}.Analyze|Any CPU.ActiveCfg = Debug|Any CPU
		{C28147AC-E22A-491E-8C7A-290A94727374}.Analyze|Any CPU.Build.0 = Debug|Any CPU
		{C28147AC-E22A-491E-8C7A-290A94727374}.Debug|Any CPU.ActiveCfg = Debug|Any CPU
		{C28147AC-E22A-491E-8C7A-290A94727374}.Debug|Any CPU.Build.0 = Debug|Any CPU
		{C28147AC-E22A-491E-8C7A-290A94727374}.DebugAutoUpdate|Any CPU.ActiveCfg = Development|Any CPU
		{C28147AC-E22A-491E-8C7A-290A94727374}.DebugAutoUpdate|Any CPU.Build.0 = Development|Any CPU
		{C28147AC-E22A-491E-8C7A-290A94727374}.Development|Any CPU.ActiveCfg = Development|Any CPU
		{C28147AC-E22A-491E-8C7A-290A94727374}.Development|Any CPU.Build.0 = Development|Any CPU
		{C28147AC-E22A-491E-8C7A-290A94727374}.Release|Any CPU.ActiveCfg = Release|Any CPU
		{C28147AC-E22A-491E-8C7A-290A94727374}.Release|Any CPU.Build.0 = Release|Any CPU
		{C28147AC-E22A-491E-8C7A-290A94727374}.ReleaseAutoUpdate|Any CPU.ActiveCfg = Release|Any CPU
		{C28147AC-E22A-491E-8C7A-290A94727374}.ReleaseAutoUpdate|Any CPU.Build.0 = Release|Any CPU
		{5AC16D37-4129-40CE-9E92-5643277E8D8F}.Analyze|Any CPU.ActiveCfg = Analyze|Any CPU
		{5AC16D37-4129-40CE-9E92-5643277E8D8F}.Analyze|Any CPU.Build.0 = Analyze|Any CPU
		{5AC16D37-4129-40CE-9E92-5643277E8D8F}.Debug|Any CPU.ActiveCfg = Debug|Any CPU
		{5AC16D37-4129-40CE-9E92-5643277E8D8F}.Debug|Any CPU.Build.0 = Debug|Any CPU
		{5AC16D37-4129-40CE-9E92-5643277E8D8F}.DebugAutoUpdate|Any CPU.ActiveCfg = DebugAutoUpdate|Any CPU
		{5AC16D37-4129-40CE-9E92-5643277E8D8F}.DebugAutoUpdate|Any CPU.Build.0 = DebugAutoUpdate|Any CPU
		{5AC16D37-4129-40CE-9E92-5643277E8D8F}.Development|Any CPU.ActiveCfg = DebugAutoUpdate|Any CPU
		{5AC16D37-4129-40CE-9E92-5643277E8D8F}.Development|Any CPU.Build.0 = DebugAutoUpdate|Any CPU
		{5AC16D37-4129-40CE-9E92-5643277E8D8F}.Release|Any CPU.ActiveCfg = Release|Any CPU
		{5AC16D37-4129-40CE-9E92-5643277E8D8F}.Release|Any CPU.Build.0 = Release|Any CPU
		{5AC16D37-4129-40CE-9E92-5643277E8D8F}.ReleaseAutoUpdate|Any CPU.ActiveCfg = ReleaseAutoUpdate|Any CPU
		{5AC16D37-4129-40CE-9E92-5643277E8D8F}.ReleaseAutoUpdate|Any CPU.Build.0 = ReleaseAutoUpdate|Any CPU
		{2681A1BB-DA6A-4A6C-81B1-10F4CAD78599}.Analyze|Any CPU.ActiveCfg = Analyze|Any CPU
		{2681A1BB-DA6A-4A6C-81B1-10F4CAD78599}.Analyze|Any CPU.Build.0 = Analyze|Any CPU
		{2681A1BB-DA6A-4A6C-81B1-10F4CAD78599}.Debug|Any CPU.ActiveCfg = Debug|Any CPU
		{2681A1BB-DA6A-4A6C-81B1-10F4CAD78599}.Debug|Any CPU.Build.0 = Debug|Any CPU
		{2681A1BB-DA6A-4A6C-81B1-10F4CAD78599}.DebugAutoUpdate|Any CPU.ActiveCfg = Debug|Any CPU
		{2681A1BB-DA6A-4A6C-81B1-10F4CAD78599}.DebugAutoUpdate|Any CPU.Build.0 = Debug|Any CPU
		{2681A1BB-DA6A-4A6C-81B1-10F4CAD78599}.Development|Any CPU.ActiveCfg = Debug|Any CPU
		{2681A1BB-DA6A-4A6C-81B1-10F4CAD78599}.Development|Any CPU.Build.0 = Debug|Any CPU
		{2681A1BB-DA6A-4A6C-81B1-10F4CAD78599}.Release|Any CPU.ActiveCfg = Release|Any CPU
		{2681A1BB-DA6A-4A6C-81B1-10F4CAD78599}.Release|Any CPU.Build.0 = Release|Any CPU
		{2681A1BB-DA6A-4A6C-81B1-10F4CAD78599}.ReleaseAutoUpdate|Any CPU.ActiveCfg = Release|Any CPU
		{2681A1BB-DA6A-4A6C-81B1-10F4CAD78599}.ReleaseAutoUpdate|Any CPU.Build.0 = Release|Any CPU
		{E29DF5A2-99A1-42A6-9368-426776DEA149}.Analyze|Any CPU.ActiveCfg = Analyze|Any CPU
		{E29DF5A2-99A1-42A6-9368-426776DEA149}.Analyze|Any CPU.Build.0 = Analyze|Any CPU
		{E29DF5A2-99A1-42A6-9368-426776DEA149}.Debug|Any CPU.ActiveCfg = Debug|Any CPU
		{E29DF5A2-99A1-42A6-9368-426776DEA149}.Debug|Any CPU.Build.0 = Debug|Any CPU
		{E29DF5A2-99A1-42A6-9368-426776DEA149}.DebugAutoUpdate|Any CPU.ActiveCfg = Debug|Any CPU
		{E29DF5A2-99A1-42A6-9368-426776DEA149}.DebugAutoUpdate|Any CPU.Build.0 = Debug|Any CPU
		{E29DF5A2-99A1-42A6-9368-426776DEA149}.Development|Any CPU.ActiveCfg = Debug|Any CPU
		{E29DF5A2-99A1-42A6-9368-426776DEA149}.Development|Any CPU.Build.0 = Debug|Any CPU
		{E29DF5A2-99A1-42A6-9368-426776DEA149}.Release|Any CPU.ActiveCfg = Release|Any CPU
		{E29DF5A2-99A1-42A6-9368-426776DEA149}.Release|Any CPU.Build.0 = Release|Any CPU
		{E29DF5A2-99A1-42A6-9368-426776DEA149}.ReleaseAutoUpdate|Any CPU.ActiveCfg = Release|Any CPU
		{E29DF5A2-99A1-42A6-9368-426776DEA149}.ReleaseAutoUpdate|Any CPU.Build.0 = Release|Any CPU
		{76B6DB7F-DF83-4765-A9A2-885225A268D7}.Analyze|Any CPU.ActiveCfg = Debug|Any CPU
		{76B6DB7F-DF83-4765-A9A2-885225A268D7}.Analyze|Any CPU.Build.0 = Debug|Any CPU
		{76B6DB7F-DF83-4765-A9A2-885225A268D7}.Debug|Any CPU.ActiveCfg = Debug|Any CPU
		{76B6DB7F-DF83-4765-A9A2-885225A268D7}.Debug|Any CPU.Build.0 = Debug|Any CPU
		{76B6DB7F-DF83-4765-A9A2-885225A268D7}.DebugAutoUpdate|Any CPU.ActiveCfg = Debug|Any CPU
		{76B6DB7F-DF83-4765-A9A2-885225A268D7}.DebugAutoUpdate|Any CPU.Build.0 = Debug|Any CPU
		{76B6DB7F-DF83-4765-A9A2-885225A268D7}.Development|Any CPU.ActiveCfg = Debug|Any CPU
		{76B6DB7F-DF83-4765-A9A2-885225A268D7}.Development|Any CPU.Build.0 = Debug|Any CPU
		{76B6DB7F-DF83-4765-A9A2-885225A268D7}.Release|Any CPU.ActiveCfg = Release|Any CPU
		{76B6DB7F-DF83-4765-A9A2-885225A268D7}.Release|Any CPU.Build.0 = Release|Any CPU
		{76B6DB7F-DF83-4765-A9A2-885225A268D7}.ReleaseAutoUpdate|Any CPU.ActiveCfg = Release|Any CPU
		{76B6DB7F-DF83-4765-A9A2-885225A268D7}.ReleaseAutoUpdate|Any CPU.Build.0 = Release|Any CPU
		{94F358B6-2E29-4947-87CA-C9DC70EE83F7}.Analyze|Any CPU.ActiveCfg = Analyze|Any CPU
		{94F358B6-2E29-4947-87CA-C9DC70EE83F7}.Analyze|Any CPU.Build.0 = Analyze|Any CPU
		{94F358B6-2E29-4947-87CA-C9DC70EE83F7}.Debug|Any CPU.ActiveCfg = Debug|Any CPU
		{94F358B6-2E29-4947-87CA-C9DC70EE83F7}.Debug|Any CPU.Build.0 = Debug|Any CPU
		{94F358B6-2E29-4947-87CA-C9DC70EE83F7}.DebugAutoUpdate|Any CPU.ActiveCfg = Debug|Any CPU
		{94F358B6-2E29-4947-87CA-C9DC70EE83F7}.DebugAutoUpdate|Any CPU.Build.0 = Debug|Any CPU
		{94F358B6-2E29-4947-87CA-C9DC70EE83F7}.Development|Any CPU.ActiveCfg = Development|Any CPU
		{94F358B6-2E29-4947-87CA-C9DC70EE83F7}.Development|Any CPU.Build.0 = Development|Any CPU
		{94F358B6-2E29-4947-87CA-C9DC70EE83F7}.Release|Any CPU.ActiveCfg = Release|Any CPU
		{94F358B6-2E29-4947-87CA-C9DC70EE83F7}.Release|Any CPU.Build.0 = Release|Any CPU
		{94F358B6-2E29-4947-87CA-C9DC70EE83F7}.ReleaseAutoUpdate|Any CPU.ActiveCfg = Debug|Any CPU
		{94F358B6-2E29-4947-87CA-C9DC70EE83F7}.ReleaseAutoUpdate|Any CPU.Build.0 = Debug|Any CPU
		{548C7D05-54FE-45D3-A80A-E7C2C07C9C1F}.Analyze|Any CPU.ActiveCfg = Analyze|Any CPU
		{548C7D05-54FE-45D3-A80A-E7C2C07C9C1F}.Analyze|Any CPU.Build.0 = Analyze|Any CPU
		{548C7D05-54FE-45D3-A80A-E7C2C07C9C1F}.Debug|Any CPU.ActiveCfg = Debug|Any CPU
		{548C7D05-54FE-45D3-A80A-E7C2C07C9C1F}.Debug|Any CPU.Build.0 = Debug|Any CPU
		{548C7D05-54FE-45D3-A80A-E7C2C07C9C1F}.DebugAutoUpdate|Any CPU.ActiveCfg = Debug|Any CPU
		{548C7D05-54FE-45D3-A80A-E7C2C07C9C1F}.DebugAutoUpdate|Any CPU.Build.0 = Debug|Any CPU
		{548C7D05-54FE-45D3-A80A-E7C2C07C9C1F}.Development|Any CPU.ActiveCfg = Development|Any CPU
		{548C7D05-54FE-45D3-A80A-E7C2C07C9C1F}.Development|Any CPU.Build.0 = Development|Any CPU
		{548C7D05-54FE-45D3-A80A-E7C2C07C9C1F}.Release|Any CPU.ActiveCfg = Release|Any CPU
		{548C7D05-54FE-45D3-A80A-E7C2C07C9C1F}.Release|Any CPU.Build.0 = Release|Any CPU
		{548C7D05-54FE-45D3-A80A-E7C2C07C9C1F}.ReleaseAutoUpdate|Any CPU.ActiveCfg = Debug|Any CPU
		{548C7D05-54FE-45D3-A80A-E7C2C07C9C1F}.ReleaseAutoUpdate|Any CPU.Build.0 = Debug|Any CPU
		{CBC66480-A26D-431A-8990-6C32BAAB6C3F}.Analyze|Any CPU.ActiveCfg = Analyze|Any CPU
		{CBC66480-A26D-431A-8990-6C32BAAB6C3F}.Analyze|Any CPU.Build.0 = Analyze|Any CPU
		{CBC66480-A26D-431A-8990-6C32BAAB6C3F}.Debug|Any CPU.ActiveCfg = Debug|Any CPU
		{CBC66480-A26D-431A-8990-6C32BAAB6C3F}.Debug|Any CPU.Build.0 = Debug|Any CPU
		{CBC66480-A26D-431A-8990-6C32BAAB6C3F}.DebugAutoUpdate|Any CPU.ActiveCfg = Development|Any CPU
		{CBC66480-A26D-431A-8990-6C32BAAB6C3F}.DebugAutoUpdate|Any CPU.Build.0 = Development|Any CPU
		{CBC66480-A26D-431A-8990-6C32BAAB6C3F}.Development|Any CPU.ActiveCfg = Development|Any CPU
		{CBC66480-A26D-431A-8990-6C32BAAB6C3F}.Development|Any CPU.Build.0 = Development|Any CPU
		{CBC66480-A26D-431A-8990-6C32BAAB6C3F}.Release|Any CPU.ActiveCfg = Release|Any CPU
		{CBC66480-A26D-431A-8990-6C32BAAB6C3F}.Release|Any CPU.Build.0 = Release|Any CPU
		{CBC66480-A26D-431A-8990-6C32BAAB6C3F}.ReleaseAutoUpdate|Any CPU.ActiveCfg = Release|Any CPU
		{CBC66480-A26D-431A-8990-6C32BAAB6C3F}.ReleaseAutoUpdate|Any CPU.Build.0 = Release|Any CPU
		{25C42F8C-6D36-4595-8B02-130F3566DA06}.Analyze|Any CPU.ActiveCfg = Analyze|Any CPU
		{25C42F8C-6D36-4595-8B02-130F3566DA06}.Analyze|Any CPU.Build.0 = Analyze|Any CPU
		{25C42F8C-6D36-4595-8B02-130F3566DA06}.Debug|Any CPU.ActiveCfg = Debug|Any CPU
		{25C42F8C-6D36-4595-8B02-130F3566DA06}.Debug|Any CPU.Build.0 = Debug|Any CPU
		{25C42F8C-6D36-4595-8B02-130F3566DA06}.DebugAutoUpdate|Any CPU.ActiveCfg = Debug|Any CPU
		{25C42F8C-6D36-4595-8B02-130F3566DA06}.DebugAutoUpdate|Any CPU.Build.0 = Debug|Any CPU
		{25C42F8C-6D36-4595-8B02-130F3566DA06}.Development|Any CPU.ActiveCfg = Debug|Any CPU
		{25C42F8C-6D36-4595-8B02-130F3566DA06}.Development|Any CPU.Build.0 = Debug|Any CPU
		{25C42F8C-6D36-4595-8B02-130F3566DA06}.Release|Any CPU.ActiveCfg = Release|Any CPU
		{25C42F8C-6D36-4595-8B02-130F3566DA06}.Release|Any CPU.Build.0 = Release|Any CPU
		{25C42F8C-6D36-4595-8B02-130F3566DA06}.ReleaseAutoUpdate|Any CPU.ActiveCfg = Release|Any CPU
		{25C42F8C-6D36-4595-8B02-130F3566DA06}.ReleaseAutoUpdate|Any CPU.Build.0 = Release|Any CPU
		{D475A94A-C87B-4E55-BC7F-A54F14364B16}.Analyze|Any CPU.ActiveCfg = Analyze|Any CPU
		{D475A94A-C87B-4E55-BC7F-A54F14364B16}.Analyze|Any CPU.Build.0 = Analyze|Any CPU
		{D475A94A-C87B-4E55-BC7F-A54F14364B16}.Debug|Any CPU.ActiveCfg = Debug|Any CPU
		{D475A94A-C87B-4E55-BC7F-A54F14364B16}.Debug|Any CPU.Build.0 = Debug|Any CPU
		{D475A94A-C87B-4E55-BC7F-A54F14364B16}.DebugAutoUpdate|Any CPU.ActiveCfg = Development|Any CPU
		{D475A94A-C87B-4E55-BC7F-A54F14364B16}.DebugAutoUpdate|Any CPU.Build.0 = Development|Any CPU
		{D475A94A-C87B-4E55-BC7F-A54F14364B16}.Development|Any CPU.ActiveCfg = Development|Any CPU
		{D475A94A-C87B-4E55-BC7F-A54F14364B16}.Development|Any CPU.Build.0 = Development|Any CPU
		{D475A94A-C87B-4E55-BC7F-A54F14364B16}.Release|Any CPU.ActiveCfg = Release|Any CPU
		{D475A94A-C87B-4E55-BC7F-A54F14364B16}.Release|Any CPU.Build.0 = Release|Any CPU
		{D475A94A-C87B-4E55-BC7F-A54F14364B16}.ReleaseAutoUpdate|Any CPU.ActiveCfg = Release|Any CPU
		{D475A94A-C87B-4E55-BC7F-A54F14364B16}.ReleaseAutoUpdate|Any CPU.Build.0 = Release|Any CPU
		{A6A238A8-1A4B-4A15-90AD-CBAAA22DA537}.Analyze|Any CPU.ActiveCfg = Analyze|Any CPU
		{A6A238A8-1A4B-4A15-90AD-CBAAA22DA537}.Analyze|Any CPU.Build.0 = Analyze|Any CPU
		{A6A238A8-1A4B-4A15-90AD-CBAAA22DA537}.Debug|Any CPU.ActiveCfg = Debug|Any CPU
		{A6A238A8-1A4B-4A15-90AD-CBAAA22DA537}.Debug|Any CPU.Build.0 = Debug|Any CPU
		{A6A238A8-1A4B-4A15-90AD-CBAAA22DA537}.DebugAutoUpdate|Any CPU.ActiveCfg = Development|Any CPU
		{A6A238A8-1A4B-4A15-90AD-CBAAA22DA537}.DebugAutoUpdate|Any CPU.Build.0 = Development|Any CPU
		{A6A238A8-1A4B-4A15-90AD-CBAAA22DA537}.Development|Any CPU.ActiveCfg = Development|Any CPU
		{A6A238A8-1A4B-4A15-90AD-CBAAA22DA537}.Development|Any CPU.Build.0 = Development|Any CPU
		{A6A238A8-1A4B-4A15-90AD-CBAAA22DA537}.Release|Any CPU.ActiveCfg = Release|Any CPU
		{A6A238A8-1A4B-4A15-90AD-CBAAA22DA537}.Release|Any CPU.Build.0 = Release|Any CPU
		{A6A238A8-1A4B-4A15-90AD-CBAAA22DA537}.ReleaseAutoUpdate|Any CPU.ActiveCfg = Release|Any CPU
		{A6A238A8-1A4B-4A15-90AD-CBAAA22DA537}.ReleaseAutoUpdate|Any CPU.Build.0 = Release|Any CPU
		{AC5E1F60-6284-48FD-9F72-D180720695FC}.Analyze|Any CPU.ActiveCfg = Analyze|Any CPU
		{AC5E1F60-6284-48FD-9F72-D180720695FC}.Analyze|Any CPU.Build.0 = Analyze|Any CPU
		{AC5E1F60-6284-48FD-9F72-D180720695FC}.Debug|Any CPU.ActiveCfg = Debug|Any CPU
		{AC5E1F60-6284-48FD-9F72-D180720695FC}.Debug|Any CPU.Build.0 = Debug|Any CPU
		{AC5E1F60-6284-48FD-9F72-D180720695FC}.DebugAutoUpdate|Any CPU.ActiveCfg = Development|Any CPU
		{AC5E1F60-6284-48FD-9F72-D180720695FC}.DebugAutoUpdate|Any CPU.Build.0 = Development|Any CPU
		{AC5E1F60-6284-48FD-9F72-D180720695FC}.Development|Any CPU.ActiveCfg = Development|Any CPU
		{AC5E1F60-6284-48FD-9F72-D180720695FC}.Development|Any CPU.Build.0 = Development|Any CPU
		{AC5E1F60-6284-48FD-9F72-D180720695FC}.Release|Any CPU.ActiveCfg = Release|Any CPU
		{AC5E1F60-6284-48FD-9F72-D180720695FC}.Release|Any CPU.Build.0 = Release|Any CPU
		{AC5E1F60-6284-48FD-9F72-D180720695FC}.ReleaseAutoUpdate|Any CPU.ActiveCfg = Release|Any CPU
		{AC5E1F60-6284-48FD-9F72-D180720695FC}.ReleaseAutoUpdate|Any CPU.Build.0 = Release|Any CPU
		{669806E7-5F56-4B5D-A51F-69ADB074C16B}.Analyze|Any CPU.ActiveCfg = Analyze|Any CPU
		{669806E7-5F56-4B5D-A51F-69ADB074C16B}.Analyze|Any CPU.Build.0 = Analyze|Any CPU
		{669806E7-5F56-4B5D-A51F-69ADB074C16B}.Debug|Any CPU.ActiveCfg = Debug|Any CPU
		{669806E7-5F56-4B5D-A51F-69ADB074C16B}.Debug|Any CPU.Build.0 = Debug|Any CPU
		{669806E7-5F56-4B5D-A51F-69ADB074C16B}.DebugAutoUpdate|Any CPU.ActiveCfg = Debug|Any CPU
		{669806E7-5F56-4B5D-A51F-69ADB074C16B}.DebugAutoUpdate|Any CPU.Build.0 = Debug|Any CPU
		{669806E7-5F56-4B5D-A51F-69ADB074C16B}.Development|Any CPU.ActiveCfg = Debug|Any CPU
		{669806E7-5F56-4B5D-A51F-69ADB074C16B}.Development|Any CPU.Build.0 = Debug|Any CPU
		{669806E7-5F56-4B5D-A51F-69ADB074C16B}.Release|Any CPU.ActiveCfg = Release|Any CPU
		{669806E7-5F56-4B5D-A51F-69ADB074C16B}.Release|Any CPU.Build.0 = Release|Any CPU
		{669806E7-5F56-4B5D-A51F-69ADB074C16B}.ReleaseAutoUpdate|Any CPU.ActiveCfg = Release|Any CPU
		{669806E7-5F56-4B5D-A51F-69ADB074C16B}.ReleaseAutoUpdate|Any CPU.Build.0 = Release|Any CPU
		{CDB902A7-5CDC-4B17-9DB0-ECB606FE0C31}.Analyze|Any CPU.ActiveCfg = Analyze|Any CPU
		{CDB902A7-5CDC-4B17-9DB0-ECB606FE0C31}.Analyze|Any CPU.Build.0 = Analyze|Any CPU
		{CDB902A7-5CDC-4B17-9DB0-ECB606FE0C31}.Debug|Any CPU.ActiveCfg = Debug|Any CPU
		{CDB902A7-5CDC-4B17-9DB0-ECB606FE0C31}.Debug|Any CPU.Build.0 = Debug|Any CPU
		{CDB902A7-5CDC-4B17-9DB0-ECB606FE0C31}.DebugAutoUpdate|Any CPU.ActiveCfg = Debug|Any CPU
		{CDB902A7-5CDC-4B17-9DB0-ECB606FE0C31}.DebugAutoUpdate|Any CPU.Build.0 = Debug|Any CPU
		{CDB902A7-5CDC-4B17-9DB0-ECB606FE0C31}.Development|Any CPU.ActiveCfg = Debug|Any CPU
		{CDB902A7-5CDC-4B17-9DB0-ECB606FE0C31}.Development|Any CPU.Build.0 = Debug|Any CPU
		{CDB902A7-5CDC-4B17-9DB0-ECB606FE0C31}.Release|Any CPU.ActiveCfg = Release|Any CPU
		{CDB902A7-5CDC-4B17-9DB0-ECB606FE0C31}.Release|Any CPU.Build.0 = Release|Any CPU
		{CDB902A7-5CDC-4B17-9DB0-ECB606FE0C31}.ReleaseAutoUpdate|Any CPU.ActiveCfg = Release|Any CPU
		{CDB902A7-5CDC-4B17-9DB0-ECB606FE0C31}.ReleaseAutoUpdate|Any CPU.Build.0 = Release|Any CPU
		{65A93DE6-CA55-421E-9D95-37A6A7897A08}.Analyze|Any CPU.ActiveCfg = Analyze|Any CPU
		{65A93DE6-CA55-421E-9D95-37A6A7897A08}.Analyze|Any CPU.Build.0 = Analyze|Any CPU
		{65A93DE6-CA55-421E-9D95-37A6A7897A08}.Debug|Any CPU.ActiveCfg = Debug|Any CPU
		{65A93DE6-CA55-421E-9D95-37A6A7897A08}.Debug|Any CPU.Build.0 = Debug|Any CPU
		{65A93DE6-CA55-421E-9D95-37A6A7897A08}.DebugAutoUpdate|Any CPU.ActiveCfg = Debug|Any CPU
		{65A93DE6-CA55-421E-9D95-37A6A7897A08}.DebugAutoUpdate|Any CPU.Build.0 = Debug|Any CPU
		{65A93DE6-CA55-421E-9D95-37A6A7897A08}.Development|Any CPU.ActiveCfg = Debug|Any CPU
		{65A93DE6-CA55-421E-9D95-37A6A7897A08}.Development|Any CPU.Build.0 = Debug|Any CPU
		{65A93DE6-CA55-421E-9D95-37A6A7897A08}.Release|Any CPU.ActiveCfg = Release|Any CPU
		{65A93DE6-CA55-421E-9D95-37A6A7897A08}.Release|Any CPU.Build.0 = Release|Any CPU
		{65A93DE6-CA55-421E-9D95-37A6A7897A08}.ReleaseAutoUpdate|Any CPU.ActiveCfg = Release|Any CPU
		{65A93DE6-CA55-421E-9D95-37A6A7897A08}.ReleaseAutoUpdate|Any CPU.Build.0 = Release|Any CPU
		{2C0C4317-7C0F-4D95-AE97-B1F15FFDE631}.Analyze|Any CPU.ActiveCfg = Analyze|Any CPU
		{2C0C4317-7C0F-4D95-AE97-B1F15FFDE631}.Analyze|Any CPU.Build.0 = Analyze|Any CPU
		{2C0C4317-7C0F-4D95-AE97-B1F15FFDE631}.Debug|Any CPU.ActiveCfg = Debug|Any CPU
		{2C0C4317-7C0F-4D95-AE97-B1F15FFDE631}.Debug|Any CPU.Build.0 = Debug|Any CPU
		{2C0C4317-7C0F-4D95-AE97-B1F15FFDE631}.DebugAutoUpdate|Any CPU.ActiveCfg = Debug|Any CPU
		{2C0C4317-7C0F-4D95-AE97-B1F15FFDE631}.DebugAutoUpdate|Any CPU.Build.0 = Debug|Any CPU
		{2C0C4317-7C0F-4D95-AE97-B1F15FFDE631}.Development|Any CPU.ActiveCfg = Debug|Any CPU
		{2C0C4317-7C0F-4D95-AE97-B1F15FFDE631}.Development|Any CPU.Build.0 = Debug|Any CPU
		{2C0C4317-7C0F-4D95-AE97-B1F15FFDE631}.Release|Any CPU.ActiveCfg = Release|Any CPU
		{2C0C4317-7C0F-4D95-AE97-B1F15FFDE631}.Release|Any CPU.Build.0 = Release|Any CPU
		{2C0C4317-7C0F-4D95-AE97-B1F15FFDE631}.ReleaseAutoUpdate|Any CPU.ActiveCfg = Release|Any CPU
		{2C0C4317-7C0F-4D95-AE97-B1F15FFDE631}.ReleaseAutoUpdate|Any CPU.Build.0 = Release|Any CPU
		{47012482-480E-403C-B6CC-3A633653870E}.Analyze|Any CPU.ActiveCfg = Analyze|Any CPU
		{47012482-480E-403C-B6CC-3A633653870E}.Analyze|Any CPU.Build.0 = Analyze|Any CPU
		{47012482-480E-403C-B6CC-3A633653870E}.Debug|Any CPU.ActiveCfg = Debug|Any CPU
		{47012482-480E-403C-B6CC-3A633653870E}.Debug|Any CPU.Build.0 = Debug|Any CPU
		{47012482-480E-403C-B6CC-3A633653870E}.DebugAutoUpdate|Any CPU.ActiveCfg = Debug|Any CPU
		{47012482-480E-403C-B6CC-3A633653870E}.DebugAutoUpdate|Any CPU.Build.0 = Debug|Any CPU
		{47012482-480E-403C-B6CC-3A633653870E}.Development|Any CPU.ActiveCfg = Debug|Any CPU
		{47012482-480E-403C-B6CC-3A633653870E}.Development|Any CPU.Build.0 = Debug|Any CPU
		{47012482-480E-403C-B6CC-3A633653870E}.Release|Any CPU.ActiveCfg = Release|Any CPU
		{47012482-480E-403C-B6CC-3A633653870E}.Release|Any CPU.Build.0 = Release|Any CPU
		{47012482-480E-403C-B6CC-3A633653870E}.ReleaseAutoUpdate|Any CPU.ActiveCfg = Release|Any CPU
		{47012482-480E-403C-B6CC-3A633653870E}.ReleaseAutoUpdate|Any CPU.Build.0 = Release|Any CPU
		{31F78551-BBEB-4FF4-B61D-767319042E8B}.Analyze|Any CPU.ActiveCfg = Analyze|Any CPU
		{31F78551-BBEB-4FF4-B61D-767319042E8B}.Analyze|Any CPU.Build.0 = Analyze|Any CPU
		{31F78551-BBEB-4FF4-B61D-767319042E8B}.Debug|Any CPU.ActiveCfg = Debug|Any CPU
		{31F78551-BBEB-4FF4-B61D-767319042E8B}.Debug|Any CPU.Build.0 = Debug|Any CPU
		{31F78551-BBEB-4FF4-B61D-767319042E8B}.DebugAutoUpdate|Any CPU.ActiveCfg = Debug|Any CPU
		{31F78551-BBEB-4FF4-B61D-767319042E8B}.DebugAutoUpdate|Any CPU.Build.0 = Debug|Any CPU
		{31F78551-BBEB-4FF4-B61D-767319042E8B}.Development|Any CPU.ActiveCfg = Debug|Any CPU
		{31F78551-BBEB-4FF4-B61D-767319042E8B}.Development|Any CPU.Build.0 = Debug|Any CPU
		{31F78551-BBEB-4FF4-B61D-767319042E8B}.Release|Any CPU.ActiveCfg = Release|Any CPU
		{31F78551-BBEB-4FF4-B61D-767319042E8B}.Release|Any CPU.Build.0 = Release|Any CPU
		{31F78551-BBEB-4FF4-B61D-767319042E8B}.ReleaseAutoUpdate|Any CPU.ActiveCfg = Release|Any CPU
		{31F78551-BBEB-4FF4-B61D-767319042E8B}.ReleaseAutoUpdate|Any CPU.Build.0 = Release|Any CPU
		{EB65EA75-F6DE-4CCD-AEAF-8286A0E6374D}.Analyze|Any CPU.ActiveCfg = Analyze|Any CPU
		{EB65EA75-F6DE-4CCD-AEAF-8286A0E6374D}.Analyze|Any CPU.Build.0 = Analyze|Any CPU
		{EB65EA75-F6DE-4CCD-AEAF-8286A0E6374D}.Debug|Any CPU.ActiveCfg = Debug|Any CPU
		{EB65EA75-F6DE-4CCD-AEAF-8286A0E6374D}.Debug|Any CPU.Build.0 = Debug|Any CPU
		{EB65EA75-F6DE-4CCD-AEAF-8286A0E6374D}.DebugAutoUpdate|Any CPU.ActiveCfg = Debug|Any CPU
		{EB65EA75-F6DE-4CCD-AEAF-8286A0E6374D}.DebugAutoUpdate|Any CPU.Build.0 = Debug|Any CPU
		{EB65EA75-F6DE-4CCD-AEAF-8286A0E6374D}.Development|Any CPU.ActiveCfg = Debug|Any CPU
		{EB65EA75-F6DE-4CCD-AEAF-8286A0E6374D}.Development|Any CPU.Build.0 = Debug|Any CPU
		{EB65EA75-F6DE-4CCD-AEAF-8286A0E6374D}.Release|Any CPU.ActiveCfg = Release|Any CPU
		{EB65EA75-F6DE-4CCD-AEAF-8286A0E6374D}.Release|Any CPU.Build.0 = Release|Any CPU
		{EB65EA75-F6DE-4CCD-AEAF-8286A0E6374D}.ReleaseAutoUpdate|Any CPU.ActiveCfg = Release|Any CPU
		{EB65EA75-F6DE-4CCD-AEAF-8286A0E6374D}.ReleaseAutoUpdate|Any CPU.Build.0 = Release|Any CPU
		{D155AE78-83CA-425D-BFBF-C89C83B92889}.Analyze|Any CPU.ActiveCfg = Analyze|Any CPU
		{D155AE78-83CA-425D-BFBF-C89C83B92889}.Analyze|Any CPU.Build.0 = Analyze|Any CPU
		{D155AE78-83CA-425D-BFBF-C89C83B92889}.Debug|Any CPU.ActiveCfg = Debug|Any CPU
		{D155AE78-83CA-425D-BFBF-C89C83B92889}.Debug|Any CPU.Build.0 = Debug|Any CPU
		{D155AE78-83CA-425D-BFBF-C89C83B92889}.DebugAutoUpdate|Any CPU.ActiveCfg = Debug|Any CPU
		{D155AE78-83CA-425D-BFBF-C89C83B92889}.DebugAutoUpdate|Any CPU.Build.0 = Debug|Any CPU
		{D155AE78-83CA-425D-BFBF-C89C83B92889}.Development|Any CPU.ActiveCfg = Debug|Any CPU
		{D155AE78-83CA-425D-BFBF-C89C83B92889}.Development|Any CPU.Build.0 = Debug|Any CPU
		{D155AE78-83CA-425D-BFBF-C89C83B92889}.Release|Any CPU.ActiveCfg = Release|Any CPU
		{D155AE78-83CA-425D-BFBF-C89C83B92889}.Release|Any CPU.Build.0 = Release|Any CPU
		{D155AE78-83CA-425D-BFBF-C89C83B92889}.ReleaseAutoUpdate|Any CPU.ActiveCfg = Release|Any CPU
		{D155AE78-83CA-425D-BFBF-C89C83B92889}.ReleaseAutoUpdate|Any CPU.Build.0 = Release|Any CPU
		{58175FE9-AD22-4388-824E-3645936E48A8}.Analyze|Any CPU.ActiveCfg = Analyze|Any CPU
		{58175FE9-AD22-4388-824E-3645936E48A8}.Analyze|Any CPU.Build.0 = Analyze|Any CPU
		{58175FE9-AD22-4388-824E-3645936E48A8}.Debug|Any CPU.ActiveCfg = Debug|Any CPU
		{58175FE9-AD22-4388-824E-3645936E48A8}.Debug|Any CPU.Build.0 = Debug|Any CPU
		{58175FE9-AD22-4388-824E-3645936E48A8}.DebugAutoUpdate|Any CPU.ActiveCfg = Debug|Any CPU
		{58175FE9-AD22-4388-824E-3645936E48A8}.DebugAutoUpdate|Any CPU.Build.0 = Debug|Any CPU
		{58175FE9-AD22-4388-824E-3645936E48A8}.Development|Any CPU.ActiveCfg = Debug|Any CPU
		{58175FE9-AD22-4388-824E-3645936E48A8}.Development|Any CPU.Build.0 = Debug|Any CPU
		{58175FE9-AD22-4388-824E-3645936E48A8}.Release|Any CPU.ActiveCfg = Release|Any CPU
		{58175FE9-AD22-4388-824E-3645936E48A8}.Release|Any CPU.Build.0 = Release|Any CPU
		{58175FE9-AD22-4388-824E-3645936E48A8}.ReleaseAutoUpdate|Any CPU.ActiveCfg = Release|Any CPU
		{58175FE9-AD22-4388-824E-3645936E48A8}.ReleaseAutoUpdate|Any CPU.Build.0 = Release|Any CPU
		{CAA044FB-B4BF-4B00-A671-20FE215D051A}.Analyze|Any CPU.ActiveCfg = Analyze|Any CPU
		{CAA044FB-B4BF-4B00-A671-20FE215D051A}.Analyze|Any CPU.Build.0 = Analyze|Any CPU
		{CAA044FB-B4BF-4B00-A671-20FE215D051A}.Debug|Any CPU.ActiveCfg = Debug|Any CPU
		{CAA044FB-B4BF-4B00-A671-20FE215D051A}.Debug|Any CPU.Build.0 = Debug|Any CPU
		{CAA044FB-B4BF-4B00-A671-20FE215D051A}.DebugAutoUpdate|Any CPU.ActiveCfg = Debug|Any CPU
		{CAA044FB-B4BF-4B00-A671-20FE215D051A}.DebugAutoUpdate|Any CPU.Build.0 = Debug|Any CPU
		{CAA044FB-B4BF-4B00-A671-20FE215D051A}.Development|Any CPU.ActiveCfg = Debug|Any CPU
		{CAA044FB-B4BF-4B00-A671-20FE215D051A}.Development|Any CPU.Build.0 = Debug|Any CPU
		{CAA044FB-B4BF-4B00-A671-20FE215D051A}.Release|Any CPU.ActiveCfg = Release|Any CPU
		{CAA044FB-B4BF-4B00-A671-20FE215D051A}.Release|Any CPU.Build.0 = Release|Any CPU
		{CAA044FB-B4BF-4B00-A671-20FE215D051A}.ReleaseAutoUpdate|Any CPU.ActiveCfg = Release|Any CPU
		{CAA044FB-B4BF-4B00-A671-20FE215D051A}.ReleaseAutoUpdate|Any CPU.Build.0 = Release|Any CPU
		{C5D23399-E7A4-4DDE-80E2-D5758627B692}.Analyze|Any CPU.ActiveCfg = Analyze|Any CPU
		{C5D23399-E7A4-4DDE-80E2-D5758627B692}.Analyze|Any CPU.Build.0 = Analyze|Any CPU
		{C5D23399-E7A4-4DDE-80E2-D5758627B692}.Debug|Any CPU.ActiveCfg = Debug|Any CPU
		{C5D23399-E7A4-4DDE-80E2-D5758627B692}.Debug|Any CPU.Build.0 = Debug|Any CPU
		{C5D23399-E7A4-4DDE-80E2-D5758627B692}.DebugAutoUpdate|Any CPU.ActiveCfg = Debug|Any CPU
		{C5D23399-E7A4-4DDE-80E2-D5758627B692}.DebugAutoUpdate|Any CPU.Build.0 = Debug|Any CPU
		{C5D23399-E7A4-4DDE-80E2-D5758627B692}.Development|Any CPU.ActiveCfg = Debug|Any CPU
		{C5D23399-E7A4-4DDE-80E2-D5758627B692}.Development|Any CPU.Build.0 = Debug|Any CPU
		{C5D23399-E7A4-4DDE-80E2-D5758627B692}.Release|Any CPU.ActiveCfg = Release|Any CPU
		{C5D23399-E7A4-4DDE-80E2-D5758627B692}.Release|Any CPU.Build.0 = Release|Any CPU
		{C5D23399-E7A4-4DDE-80E2-D5758627B692}.ReleaseAutoUpdate|Any CPU.ActiveCfg = Release|Any CPU
		{C5D23399-E7A4-4DDE-80E2-D5758627B692}.ReleaseAutoUpdate|Any CPU.Build.0 = Release|Any CPU
		{418961DE-A56B-4755-8D3E-6A699AFA95F4}.Analyze|Any CPU.ActiveCfg = Analyze|Any CPU
		{418961DE-A56B-4755-8D3E-6A699AFA95F4}.Analyze|Any CPU.Build.0 = Analyze|Any CPU
		{418961DE-A56B-4755-8D3E-6A699AFA95F4}.Debug|Any CPU.ActiveCfg = Debug|Any CPU
		{418961DE-A56B-4755-8D3E-6A699AFA95F4}.Debug|Any CPU.Build.0 = Debug|Any CPU
		{418961DE-A56B-4755-8D3E-6A699AFA95F4}.DebugAutoUpdate|Any CPU.ActiveCfg = Debug|Any CPU
		{418961DE-A56B-4755-8D3E-6A699AFA95F4}.DebugAutoUpdate|Any CPU.Build.0 = Debug|Any CPU
		{418961DE-A56B-4755-8D3E-6A699AFA95F4}.Development|Any CPU.ActiveCfg = Debug|Any CPU
		{418961DE-A56B-4755-8D3E-6A699AFA95F4}.Development|Any CPU.Build.0 = Debug|Any CPU
		{418961DE-A56B-4755-8D3E-6A699AFA95F4}.Release|Any CPU.ActiveCfg = Release|Any CPU
		{418961DE-A56B-4755-8D3E-6A699AFA95F4}.Release|Any CPU.Build.0 = Release|Any CPU
		{418961DE-A56B-4755-8D3E-6A699AFA95F4}.ReleaseAutoUpdate|Any CPU.ActiveCfg = Release|Any CPU
		{418961DE-A56B-4755-8D3E-6A699AFA95F4}.ReleaseAutoUpdate|Any CPU.Build.0 = Release|Any CPU
		{DC670759-D699-4334-83D3-60B74B76FC1A}.Analyze|Any CPU.ActiveCfg = Analyze|Any CPU
		{DC670759-D699-4334-83D3-60B74B76FC1A}.Analyze|Any CPU.Build.0 = Analyze|Any CPU
		{DC670759-D699-4334-83D3-60B74B76FC1A}.Debug|Any CPU.ActiveCfg = Debug|Any CPU
		{DC670759-D699-4334-83D3-60B74B76FC1A}.Debug|Any CPU.Build.0 = Debug|Any CPU
		{DC670759-D699-4334-83D3-60B74B76FC1A}.DebugAutoUpdate|Any CPU.ActiveCfg = Debug|Any CPU
		{DC670759-D699-4334-83D3-60B74B76FC1A}.DebugAutoUpdate|Any CPU.Build.0 = Debug|Any CPU
		{DC670759-D699-4334-83D3-60B74B76FC1A}.Development|Any CPU.ActiveCfg = Debug|Any CPU
		{DC670759-D699-4334-83D3-60B74B76FC1A}.Development|Any CPU.Build.0 = Debug|Any CPU
		{DC670759-D699-4334-83D3-60B74B76FC1A}.Release|Any CPU.ActiveCfg = Release|Any CPU
		{DC670759-D699-4334-83D3-60B74B76FC1A}.Release|Any CPU.Build.0 = Release|Any CPU
		{DC670759-D699-4334-83D3-60B74B76FC1A}.ReleaseAutoUpdate|Any CPU.ActiveCfg = Release|Any CPU
		{DC670759-D699-4334-83D3-60B74B76FC1A}.ReleaseAutoUpdate|Any CPU.Build.0 = Release|Any CPU
		{57042495-19BF-4A8F-957A-AA3C6C2529BF}.Analyze|Any CPU.ActiveCfg = Analyze|Any CPU
		{57042495-19BF-4A8F-957A-AA3C6C2529BF}.Analyze|Any CPU.Build.0 = Analyze|Any CPU
		{57042495-19BF-4A8F-957A-AA3C6C2529BF}.Debug|Any CPU.ActiveCfg = Debug|Any CPU
		{57042495-19BF-4A8F-957A-AA3C6C2529BF}.Debug|Any CPU.Build.0 = Debug|Any CPU
		{57042495-19BF-4A8F-957A-AA3C6C2529BF}.DebugAutoUpdate|Any CPU.ActiveCfg = Debug|Any CPU
		{57042495-19BF-4A8F-957A-AA3C6C2529BF}.DebugAutoUpdate|Any CPU.Build.0 = Debug|Any CPU
		{57042495-19BF-4A8F-957A-AA3C6C2529BF}.Development|Any CPU.ActiveCfg = Debug|Any CPU
		{57042495-19BF-4A8F-957A-AA3C6C2529BF}.Development|Any CPU.Build.0 = Debug|Any CPU
		{57042495-19BF-4A8F-957A-AA3C6C2529BF}.Release|Any CPU.ActiveCfg = Release|Any CPU
		{57042495-19BF-4A8F-957A-AA3C6C2529BF}.Release|Any CPU.Build.0 = Release|Any CPU
		{57042495-19BF-4A8F-957A-AA3C6C2529BF}.ReleaseAutoUpdate|Any CPU.ActiveCfg = Release|Any CPU
		{57042495-19BF-4A8F-957A-AA3C6C2529BF}.ReleaseAutoUpdate|Any CPU.Build.0 = Release|Any CPU
		{E4C41104-BC84-4EC6-BC32-FD7343F26EAC}.Analyze|Any CPU.ActiveCfg = Analyze|Any CPU
		{E4C41104-BC84-4EC6-BC32-FD7343F26EAC}.Analyze|Any CPU.Build.0 = Analyze|Any CPU
		{E4C41104-BC84-4EC6-BC32-FD7343F26EAC}.Debug|Any CPU.ActiveCfg = Debug|Any CPU
		{E4C41104-BC84-4EC6-BC32-FD7343F26EAC}.Debug|Any CPU.Build.0 = Debug|Any CPU
		{E4C41104-BC84-4EC6-BC32-FD7343F26EAC}.DebugAutoUpdate|Any CPU.ActiveCfg = Debug|Any CPU
		{E4C41104-BC84-4EC6-BC32-FD7343F26EAC}.DebugAutoUpdate|Any CPU.Build.0 = Debug|Any CPU
		{E4C41104-BC84-4EC6-BC32-FD7343F26EAC}.Development|Any CPU.ActiveCfg = Debug|Any CPU
		{E4C41104-BC84-4EC6-BC32-FD7343F26EAC}.Development|Any CPU.Build.0 = Debug|Any CPU
		{E4C41104-BC84-4EC6-BC32-FD7343F26EAC}.Release|Any CPU.ActiveCfg = Release|Any CPU
		{E4C41104-BC84-4EC6-BC32-FD7343F26EAC}.Release|Any CPU.Build.0 = Release|Any CPU
		{E4C41104-BC84-4EC6-BC32-FD7343F26EAC}.ReleaseAutoUpdate|Any CPU.ActiveCfg = Release|Any CPU
		{E4C41104-BC84-4EC6-BC32-FD7343F26EAC}.ReleaseAutoUpdate|Any CPU.Build.0 = Release|Any CPU
		{346F8FD4-6B29-4791-8472-C977A383BF82}.Analyze|Any CPU.ActiveCfg = Analyze|Any CPU
		{346F8FD4-6B29-4791-8472-C977A383BF82}.Analyze|Any CPU.Build.0 = Analyze|Any CPU
		{346F8FD4-6B29-4791-8472-C977A383BF82}.Debug|Any CPU.ActiveCfg = Debug|Any CPU
		{346F8FD4-6B29-4791-8472-C977A383BF82}.Debug|Any CPU.Build.0 = Debug|Any CPU
		{346F8FD4-6B29-4791-8472-C977A383BF82}.DebugAutoUpdate|Any CPU.ActiveCfg = Debug|Any CPU
		{346F8FD4-6B29-4791-8472-C977A383BF82}.DebugAutoUpdate|Any CPU.Build.0 = Debug|Any CPU
		{346F8FD4-6B29-4791-8472-C977A383BF82}.Development|Any CPU.ActiveCfg = Debug|Any CPU
		{346F8FD4-6B29-4791-8472-C977A383BF82}.Development|Any CPU.Build.0 = Debug|Any CPU
		{346F8FD4-6B29-4791-8472-C977A383BF82}.Release|Any CPU.ActiveCfg = Release|Any CPU
		{346F8FD4-6B29-4791-8472-C977A383BF82}.Release|Any CPU.Build.0 = Release|Any CPU
		{346F8FD4-6B29-4791-8472-C977A383BF82}.ReleaseAutoUpdate|Any CPU.ActiveCfg = Release|Any CPU
		{346F8FD4-6B29-4791-8472-C977A383BF82}.ReleaseAutoUpdate|Any CPU.Build.0 = Release|Any CPU
		{C30C14C0-1531-4FFC-81E9-CBB09EECF2B5}.Analyze|Any CPU.ActiveCfg = Analyze|Any CPU
		{C30C14C0-1531-4FFC-81E9-CBB09EECF2B5}.Analyze|Any CPU.Build.0 = Analyze|Any CPU
		{C30C14C0-1531-4FFC-81E9-CBB09EECF2B5}.Debug|Any CPU.ActiveCfg = Debug|Any CPU
		{C30C14C0-1531-4FFC-81E9-CBB09EECF2B5}.Debug|Any CPU.Build.0 = Debug|Any CPU
		{C30C14C0-1531-4FFC-81E9-CBB09EECF2B5}.DebugAutoUpdate|Any CPU.ActiveCfg = Debug|Any CPU
		{C30C14C0-1531-4FFC-81E9-CBB09EECF2B5}.DebugAutoUpdate|Any CPU.Build.0 = Debug|Any CPU
		{C30C14C0-1531-4FFC-81E9-CBB09EECF2B5}.Development|Any CPU.ActiveCfg = Debug|Any CPU
		{C30C14C0-1531-4FFC-81E9-CBB09EECF2B5}.Development|Any CPU.Build.0 = Debug|Any CPU
		{C30C14C0-1531-4FFC-81E9-CBB09EECF2B5}.Release|Any CPU.ActiveCfg = Release|Any CPU
		{C30C14C0-1531-4FFC-81E9-CBB09EECF2B5}.Release|Any CPU.Build.0 = Release|Any CPU
		{C30C14C0-1531-4FFC-81E9-CBB09EECF2B5}.ReleaseAutoUpdate|Any CPU.ActiveCfg = Release|Any CPU
		{C30C14C0-1531-4FFC-81E9-CBB09EECF2B5}.ReleaseAutoUpdate|Any CPU.Build.0 = Release|Any CPU
		{01F04890-45B1-403B-9A68-6617F1F58349}.Analyze|Any CPU.ActiveCfg = Analyze|Any CPU
		{01F04890-45B1-403B-9A68-6617F1F58349}.Analyze|Any CPU.Build.0 = Analyze|Any CPU
		{01F04890-45B1-403B-9A68-6617F1F58349}.Debug|Any CPU.ActiveCfg = Debug|Any CPU
		{01F04890-45B1-403B-9A68-6617F1F58349}.Debug|Any CPU.Build.0 = Debug|Any CPU
		{01F04890-45B1-403B-9A68-6617F1F58349}.DebugAutoUpdate|Any CPU.ActiveCfg = Development|Any CPU
		{01F04890-45B1-403B-9A68-6617F1F58349}.DebugAutoUpdate|Any CPU.Build.0 = Development|Any CPU
		{01F04890-45B1-403B-9A68-6617F1F58349}.Development|Any CPU.ActiveCfg = Development|Any CPU
		{01F04890-45B1-403B-9A68-6617F1F58349}.Development|Any CPU.Build.0 = Development|Any CPU
		{01F04890-45B1-403B-9A68-6617F1F58349}.Release|Any CPU.ActiveCfg = Release|Any CPU
		{01F04890-45B1-403B-9A68-6617F1F58349}.Release|Any CPU.Build.0 = Release|Any CPU
		{01F04890-45B1-403B-9A68-6617F1F58349}.ReleaseAutoUpdate|Any CPU.ActiveCfg = Release|Any CPU
		{01F04890-45B1-403B-9A68-6617F1F58349}.ReleaseAutoUpdate|Any CPU.Build.0 = Release|Any CPU
		{AE9A2F3B-56EF-4657-9653-245BD20F651B}.Analyze|Any CPU.ActiveCfg = Analyze|Any CPU
		{AE9A2F3B-56EF-4657-9653-245BD20F651B}.Analyze|Any CPU.Build.0 = Analyze|Any CPU
		{AE9A2F3B-56EF-4657-9653-245BD20F651B}.Debug|Any CPU.ActiveCfg = Debug|Any CPU
		{AE9A2F3B-56EF-4657-9653-245BD20F651B}.Debug|Any CPU.Build.0 = Debug|Any CPU
		{AE9A2F3B-56EF-4657-9653-245BD20F651B}.DebugAutoUpdate|Any CPU.ActiveCfg = Debug|Any CPU
		{AE9A2F3B-56EF-4657-9653-245BD20F651B}.DebugAutoUpdate|Any CPU.Build.0 = Debug|Any CPU
		{AE9A2F3B-56EF-4657-9653-245BD20F651B}.Development|Any CPU.ActiveCfg = Debug|Any CPU
		{AE9A2F3B-56EF-4657-9653-245BD20F651B}.Development|Any CPU.Build.0 = Debug|Any CPU
		{AE9A2F3B-56EF-4657-9653-245BD20F651B}.Release|Any CPU.ActiveCfg = Release|Any CPU
		{AE9A2F3B-56EF-4657-9653-245BD20F651B}.Release|Any CPU.Build.0 = Release|Any CPU
		{AE9A2F3B-56EF-4657-9653-245BD20F651B}.ReleaseAutoUpdate|Any CPU.ActiveCfg = Release|Any CPU
		{AE9A2F3B-56EF-4657-9653-245BD20F651B}.ReleaseAutoUpdate|Any CPU.Build.0 = Release|Any CPU
		{8EBC72F9-848A-49A1-A8AB-BD70E7770856}.Analyze|Any CPU.ActiveCfg = Analyze|Any CPU
		{8EBC72F9-848A-49A1-A8AB-BD70E7770856}.Analyze|Any CPU.Build.0 = Analyze|Any CPU
		{8EBC72F9-848A-49A1-A8AB-BD70E7770856}.Debug|Any CPU.ActiveCfg = Debug|Any CPU
		{8EBC72F9-848A-49A1-A8AB-BD70E7770856}.Debug|Any CPU.Build.0 = Debug|Any CPU
		{8EBC72F9-848A-49A1-A8AB-BD70E7770856}.DebugAutoUpdate|Any CPU.ActiveCfg = Debug|Any CPU
		{8EBC72F9-848A-49A1-A8AB-BD70E7770856}.DebugAutoUpdate|Any CPU.Build.0 = Debug|Any CPU
		{8EBC72F9-848A-49A1-A8AB-BD70E7770856}.Development|Any CPU.ActiveCfg = Debug|Any CPU
		{8EBC72F9-848A-49A1-A8AB-BD70E7770856}.Development|Any CPU.Build.0 = Debug|Any CPU
		{8EBC72F9-848A-49A1-A8AB-BD70E7770856}.Release|Any CPU.ActiveCfg = Release|Any CPU
		{8EBC72F9-848A-49A1-A8AB-BD70E7770856}.Release|Any CPU.Build.0 = Release|Any CPU
		{8EBC72F9-848A-49A1-A8AB-BD70E7770856}.ReleaseAutoUpdate|Any CPU.ActiveCfg = Release|Any CPU
		{8EBC72F9-848A-49A1-A8AB-BD70E7770856}.ReleaseAutoUpdate|Any CPU.Build.0 = Release|Any CPU
		{986F9DF7-4C22-40AE-9A30-BB3BCE30B75F}.Analyze|Any CPU.ActiveCfg = Debug|Any CPU
		{986F9DF7-4C22-40AE-9A30-BB3BCE30B75F}.Analyze|Any CPU.Build.0 = Debug|Any CPU
		{986F9DF7-4C22-40AE-9A30-BB3BCE30B75F}.Debug|Any CPU.ActiveCfg = Debug|Any CPU
		{986F9DF7-4C22-40AE-9A30-BB3BCE30B75F}.Debug|Any CPU.Build.0 = Debug|Any CPU
		{986F9DF7-4C22-40AE-9A30-BB3BCE30B75F}.DebugAutoUpdate|Any CPU.ActiveCfg = Debug|Any CPU
		{986F9DF7-4C22-40AE-9A30-BB3BCE30B75F}.DebugAutoUpdate|Any CPU.Build.0 = Debug|Any CPU
		{986F9DF7-4C22-40AE-9A30-BB3BCE30B75F}.Development|Any CPU.ActiveCfg = Debug|Any CPU
		{986F9DF7-4C22-40AE-9A30-BB3BCE30B75F}.Development|Any CPU.Build.0 = Debug|Any CPU
		{986F9DF7-4C22-40AE-9A30-BB3BCE30B75F}.Release|Any CPU.ActiveCfg = Release|Any CPU
		{986F9DF7-4C22-40AE-9A30-BB3BCE30B75F}.Release|Any CPU.Build.0 = Release|Any CPU
		{986F9DF7-4C22-40AE-9A30-BB3BCE30B75F}.ReleaseAutoUpdate|Any CPU.ActiveCfg = Debug|Any CPU
		{986F9DF7-4C22-40AE-9A30-BB3BCE30B75F}.ReleaseAutoUpdate|Any CPU.Build.0 = Debug|Any CPU
		{52C01935-9455-431C-8B6C-6386666262A2}.Analyze|Any CPU.ActiveCfg = Analyze|Any CPU
		{52C01935-9455-431C-8B6C-6386666262A2}.Analyze|Any CPU.Build.0 = Analyze|Any CPU
		{52C01935-9455-431C-8B6C-6386666262A2}.Debug|Any CPU.ActiveCfg = Debug|Any CPU
		{52C01935-9455-431C-8B6C-6386666262A2}.Debug|Any CPU.Build.0 = Debug|Any CPU
		{52C01935-9455-431C-8B6C-6386666262A2}.DebugAutoUpdate|Any CPU.ActiveCfg = Debug|Any CPU
		{52C01935-9455-431C-8B6C-6386666262A2}.DebugAutoUpdate|Any CPU.Build.0 = Debug|Any CPU
		{52C01935-9455-431C-8B6C-6386666262A2}.Development|Any CPU.ActiveCfg = Debug|Any CPU
		{52C01935-9455-431C-8B6C-6386666262A2}.Development|Any CPU.Build.0 = Debug|Any CPU
		{52C01935-9455-431C-8B6C-6386666262A2}.Release|Any CPU.ActiveCfg = Release|Any CPU
		{52C01935-9455-431C-8B6C-6386666262A2}.Release|Any CPU.Build.0 = Release|Any CPU
		{52C01935-9455-431C-8B6C-6386666262A2}.ReleaseAutoUpdate|Any CPU.ActiveCfg = Debug|Any CPU
		{52C01935-9455-431C-8B6C-6386666262A2}.ReleaseAutoUpdate|Any CPU.Build.0 = Debug|Any CPU
		{45862FFA-D5D0-4D93-B8FE-890687750138}.Analyze|Any CPU.ActiveCfg = Analyze|Any CPU
		{45862FFA-D5D0-4D93-B8FE-890687750138}.Analyze|Any CPU.Build.0 = Analyze|Any CPU
		{45862FFA-D5D0-4D93-B8FE-890687750138}.Debug|Any CPU.ActiveCfg = Debug|Any CPU
		{45862FFA-D5D0-4D93-B8FE-890687750138}.Debug|Any CPU.Build.0 = Debug|Any CPU
		{45862FFA-D5D0-4D93-B8FE-890687750138}.DebugAutoUpdate|Any CPU.ActiveCfg = Debug|Any CPU
		{45862FFA-D5D0-4D93-B8FE-890687750138}.DebugAutoUpdate|Any CPU.Build.0 = Debug|Any CPU
		{45862FFA-D5D0-4D93-B8FE-890687750138}.Development|Any CPU.ActiveCfg = Debug|Any CPU
		{45862FFA-D5D0-4D93-B8FE-890687750138}.Development|Any CPU.Build.0 = Debug|Any CPU
		{45862FFA-D5D0-4D93-B8FE-890687750138}.Release|Any CPU.ActiveCfg = Release|Any CPU
		{45862FFA-D5D0-4D93-B8FE-890687750138}.Release|Any CPU.Build.0 = Release|Any CPU
		{45862FFA-D5D0-4D93-B8FE-890687750138}.ReleaseAutoUpdate|Any CPU.ActiveCfg = Release|Any CPU
		{45862FFA-D5D0-4D93-B8FE-890687750138}.ReleaseAutoUpdate|Any CPU.Build.0 = Release|Any CPU
	EndGlobalSection
	GlobalSection(SolutionProperties) = preSolution
		HideSolutionNode = FALSE
	EndGlobalSection
	GlobalSection(NestedProjects) = preSolution
		{6402563D-5294-49DA-ADBA-EFEA85BAB94D} = {84144B9A-C142-4656-96C8-1D23B9A1C63D}
		{02FD0749-54D1-4881-98E1-14D6C917C491} = {84144B9A-C142-4656-96C8-1D23B9A1C63D}
		{D140C598-152C-4955-8517-5B3EAF3DAA7D} = {84144B9A-C142-4656-96C8-1D23B9A1C63D}
		{247D346A-DADE-4806-B5E5-DCEFFF920592} = {84144B9A-C142-4656-96C8-1D23B9A1C63D}
		{69EE9291-BAF1-4E80-BB1B-AB31CCBCB204} = {84144B9A-C142-4656-96C8-1D23B9A1C63D}
		{DB90C9C7-8950-4885-BC40-AA4FF4EE9484} = {84144B9A-C142-4656-96C8-1D23B9A1C63D}
		{CB954742-A297-4273-95E4-60749220DB8A} = {84144B9A-C142-4656-96C8-1D23B9A1C63D}
		{7DD6EAA3-7523-48A7-B7E4-285BF6FEA2CD} = {84144B9A-C142-4656-96C8-1D23B9A1C63D}
		{9F1E5536-9C20-44E5-AE15-2CCA37D3D654} = {84144B9A-C142-4656-96C8-1D23B9A1C63D}
		{4A64B662-55DC-4A54-B41D-8A32B18AB0E5} = {84144B9A-C142-4656-96C8-1D23B9A1C63D}
		{18C0EB0A-1514-4597-BDBB-47A82B70D5CF} = {84144B9A-C142-4656-96C8-1D23B9A1C63D}
		{556E0EFB-F064-49FD-9602-A6AA48F50148} = {84144B9A-C142-4656-96C8-1D23B9A1C63D}
		{C2C89F6A-E03F-43A7-84D5-282D48C4C917} = {84144B9A-C142-4656-96C8-1D23B9A1C63D}
		{AEBA0D44-6D51-4034-8D07-EA5DAB7BDD81} = {84144B9A-C142-4656-96C8-1D23B9A1C63D}
		{A215BC9A-7CD1-4487-9E3B-B256198E498B} = {84144B9A-C142-4656-96C8-1D23B9A1C63D}
		{7B8E0EDA-6360-428D-8455-89A232F7A2A6} = {84144B9A-C142-4656-96C8-1D23B9A1C63D}
		{012C7AFB-3802-4CCC-AB81-B4C131744065} = {84144B9A-C142-4656-96C8-1D23B9A1C63D}
		{BB7F4D62-C5D5-4457-90EC-10642D9B0086} = {84144B9A-C142-4656-96C8-1D23B9A1C63D}
		{0E1BA5F9-5DC1-441D-85BE-A12A29C4DB31} = {84144B9A-C142-4656-96C8-1D23B9A1C63D}
		{415A9719-682D-45F3-9336-E460C63387AB} = {45582533-2575-4C6B-B2D3-087A6AF943C0}
		{9C9B0CDD-AD2A-4C7E-A5EB-E72ABE538141} = {45582533-2575-4C6B-B2D3-087A6AF943C0}
		{06AD34BE-74CF-4139-B537-99616D12273F} = {84144B9A-C142-4656-96C8-1D23B9A1C63D}
		{12EBE70A-F774-40E1-84C4-5AF0CB13437E} = {94A745C1-C2C6-46BB-8F12-498D3DE066F6}
		{791298F6-091F-478B-874B-568D18F54E97} = {64D634D4-0A90-4076-AE17-E69293BB5C3F}
		{B0FB0C5F-F4C9-4AAA-9ECB-6590DFEFC733} = {84144B9A-C142-4656-96C8-1D23B9A1C63D}
		{09521596-EF5B-4285-9CFE-6B74AB86863C} = {58313EA1-DC2B-49DD-A4F8-3288D292ED61}
		{69106534-1F69-4373-956E-3C4B5D0B7DF0} = {58313EA1-DC2B-49DD-A4F8-3288D292ED61}
		{6734EB63-7062-40FD-BF61-6F342C72C578} = {58313EA1-DC2B-49DD-A4F8-3288D292ED61}
		{0A774EFE-C8C3-4240-B94B-F4A7F6939D6E} = {58313EA1-DC2B-49DD-A4F8-3288D292ED61}
		{5293CA08-6458-4E9F-B973-3C2A7710E764} = {0A774EFE-C8C3-4240-B94B-F4A7F6939D6E}
		{A58780B0-E404-4B25-9E73-F9B732362875} = {0A774EFE-C8C3-4240-B94B-F4A7F6939D6E}
		{C28147AC-E22A-491E-8C7A-290A94727374} = {0A774EFE-C8C3-4240-B94B-F4A7F6939D6E}
		{5AC16D37-4129-40CE-9E92-5643277E8D8F} = {58313EA1-DC2B-49DD-A4F8-3288D292ED61}
		{2681A1BB-DA6A-4A6C-81B1-10F4CAD78599} = {58313EA1-DC2B-49DD-A4F8-3288D292ED61}
		{E29DF5A2-99A1-42A6-9368-426776DEA149} = {58313EA1-DC2B-49DD-A4F8-3288D292ED61}
		{76B6DB7F-DF83-4765-A9A2-885225A268D7} = {58313EA1-DC2B-49DD-A4F8-3288D292ED61}
		{94F358B6-2E29-4947-87CA-C9DC70EE83F7} = {84144B9A-C142-4656-96C8-1D23B9A1C63D}
		{548C7D05-54FE-45D3-A80A-E7C2C07C9C1F} = {84144B9A-C142-4656-96C8-1D23B9A1C63D}
		{CBC66480-A26D-431A-8990-6C32BAAB6C3F} = {84144B9A-C142-4656-96C8-1D23B9A1C63D}
		{25C42F8C-6D36-4595-8B02-130F3566DA06} = {9C8DF7BD-3F47-4222-9018-7D16AEBDE773}
		{D475A94A-C87B-4E55-BC7F-A54F14364B16} = {9C8DF7BD-3F47-4222-9018-7D16AEBDE773}
		{A6A238A8-1A4B-4A15-90AD-CBAAA22DA537} = {84144B9A-C142-4656-96C8-1D23B9A1C63D}
		{AC5E1F60-6284-48FD-9F72-D180720695FC} = {84144B9A-C142-4656-96C8-1D23B9A1C63D}
		{71B9D9DB-7CAD-4E01-8889-04939AD1B949} = {C0214E80-0A85-4432-834D-9DC48104AD26}
		{CDB902A7-5CDC-4B17-9DB0-ECB606FE0C31} = {71B9D9DB-7CAD-4E01-8889-04939AD1B949}
		{65A93DE6-CA55-421E-9D95-37A6A7897A08} = {71B9D9DB-7CAD-4E01-8889-04939AD1B949}
		{E0EF6915-EB92-4402-B384-F1E2668EDEFB} = {C0214E80-0A85-4432-834D-9DC48104AD26}
		{47012482-480E-403C-B6CC-3A633653870E} = {E0EF6915-EB92-4402-B384-F1E2668EDEFB}
		{31F78551-BBEB-4FF4-B61D-767319042E8B} = {E0EF6915-EB92-4402-B384-F1E2668EDEFB}
		{E98654A2-E7E7-4D33-AD4C-FD6C30EF6792} = {C0214E80-0A85-4432-834D-9DC48104AD26}
		{EB65EA75-F6DE-4CCD-AEAF-8286A0E6374D} = {E98654A2-E7E7-4D33-AD4C-FD6C30EF6792}
		{D155AE78-83CA-425D-BFBF-C89C83B92889} = {E98654A2-E7E7-4D33-AD4C-FD6C30EF6792}
		{94946C3E-8429-4972-A1F1-8087FB769000} = {C0214E80-0A85-4432-834D-9DC48104AD26}
		{58175FE9-AD22-4388-824E-3645936E48A8} = {94946C3E-8429-4972-A1F1-8087FB769000}
		{CAA044FB-B4BF-4B00-A671-20FE215D051A} = {94946C3E-8429-4972-A1F1-8087FB769000}
		{F1A8CCB8-6578-46AF-BF62-1945CE68AAE7} = {C0214E80-0A85-4432-834D-9DC48104AD26}
		{C5D23399-E7A4-4DDE-80E2-D5758627B692} = {F1A8CCB8-6578-46AF-BF62-1945CE68AAE7}
		{A557FA20-4587-443E-B98F-6206A9C6EE85} = {C0214E80-0A85-4432-834D-9DC48104AD26}
		{418961DE-A56B-4755-8D3E-6A699AFA95F4} = {A557FA20-4587-443E-B98F-6206A9C6EE85}
		{DC670759-D699-4334-83D3-60B74B76FC1A} = {A557FA20-4587-443E-B98F-6206A9C6EE85}
		{A3FAA4A0-5DDA-4065-B8E5-6141980DFBB4} = {C0214E80-0A85-4432-834D-9DC48104AD26}
		{57042495-19BF-4A8F-957A-AA3C6C2529BF} = {A3FAA4A0-5DDA-4065-B8E5-6141980DFBB4}
		{E4C41104-BC84-4EC6-BC32-FD7343F26EAC} = {A3FAA4A0-5DDA-4065-B8E5-6141980DFBB4}
		{24D4526F-E649-4C8A-86F8-1A74C253F1E3} = {C0214E80-0A85-4432-834D-9DC48104AD26}
		{346F8FD4-6B29-4791-8472-C977A383BF82} = {24D4526F-E649-4C8A-86F8-1A74C253F1E3}
		{C30C14C0-1531-4FFC-81E9-CBB09EECF2B5} = {58313EA1-DC2B-49DD-A4F8-3288D292ED61}
		{01F04890-45B1-403B-9A68-6617F1F58349} = {58313EA1-DC2B-49DD-A4F8-3288D292ED61}
		{B326183F-A151-470E-A05D-1ED053D99039} = {C0214E80-0A85-4432-834D-9DC48104AD26}
		{AE9A2F3B-56EF-4657-9653-245BD20F651B} = {B326183F-A151-470E-A05D-1ED053D99039}
		{8EBC72F9-848A-49A1-A8AB-BD70E7770856} = {B326183F-A151-470E-A05D-1ED053D99039}
		{986F9DF7-4C22-40AE-9A30-BB3BCE30B75F} = {58313EA1-DC2B-49DD-A4F8-3288D292ED61}
		{52C01935-9455-431C-8B6C-6386666262A2} = {F1A8CCB8-6578-46AF-BF62-1945CE68AAE7}
		{45862FFA-D5D0-4D93-B8FE-890687750138} = {71B9D9DB-7CAD-4E01-8889-04939AD1B949}
	EndGlobalSection
	GlobalSection(ExtensibilityGlobals) = postSolution
		SolutionGuid = {F06D2583-1509-4254-BEE6-5921340022BF}
	EndGlobalSection
	GlobalSection(SharedMSBuildProjectFiles) = preSolution
		Docs\Docs.projitems*{791298f6-091f-478b-874b-568d18f54e97}*SharedItemsImports = 13
	EndGlobalSection
EndGlobal
